// !$*UTF8*$!
{
	archiveVersion = 1;
	classes = {
	};
	objectVersion = 46;
	objects = {

/* Begin PBXBuildFile section */
		02A4845D9F7E842A74E53085 /* Pods_Photo_Meme.framework in Frameworks */ = {isa = PBXBuildFile; fileRef = B7BF1B13199885C07D1E7579 /* Pods_Photo_Meme.framework */; };
		592293E61CB6897600219133 /* FontsTableViewCell.swift in Sources */ = {isa = PBXBuildFile; fileRef = 592293E51CB6897600219133 /* FontsTableViewCell.swift */; };
		592293E91CB694DF00219133 /* UnderlinedLabel.swift in Sources */ = {isa = PBXBuildFile; fileRef = 592293E81CB694DF00219133 /* UnderlinedLabel.swift */; };
		592293EC1CB6C35800219133 /* BlurredImageView.swift in Sources */ = {isa = PBXBuildFile; fileRef = 592293EB1CB6C35800219133 /* BlurredImageView.swift */; };
		593B82311CB222560073DC17 /* AppDelegate.swift in Sources */ = {isa = PBXBuildFile; fileRef = 593B82301CB222560073DC17 /* AppDelegate.swift */; };
		593B82361CB222560073DC17 /* Main.storyboard in Resources */ = {isa = PBXBuildFile; fileRef = 593B82341CB222560073DC17 /* Main.storyboard */; };
		593B82391CB222560073DC17 /* Meme_Maker.xcdatamodeld in Sources */ = {isa = PBXBuildFile; fileRef = 593B82371CB222560073DC17 /* Meme_Maker.xcdatamodeld */; };
		593B823B1CB222560073DC17 /* Assets.xcassets in Resources */ = {isa = PBXBuildFile; fileRef = 593B823A1CB222560073DC17 /* Assets.xcassets */; };
		593B823E1CB222560073DC17 /* LaunchScreen.storyboard in Resources */ = {isa = PBXBuildFile; fileRef = 593B823C1CB222560073DC17 /* LaunchScreen.storyboard */; };
		593B82491CB222570073DC17 /* Meme_MakerTests.swift in Sources */ = {isa = PBXBuildFile; fileRef = 593B82481CB222570073DC17 /* Meme_MakerTests.swift */; };
		593B82541CB222570073DC17 /* Meme_MakerUITests.swift in Sources */ = {isa = PBXBuildFile; fileRef = 593B82531CB222570073DC17 /* Meme_MakerUITests.swift */; };
		593B82691CB22AB90073DC17 /* MemesViewController.swift in Sources */ = {isa = PBXBuildFile; fileRef = 593B82681CB22AB90073DC17 /* MemesViewController.swift */; };
		593B82711CB22B210073DC17 /* SettingsTableViewController.swift in Sources */ = {isa = PBXBuildFile; fileRef = 593B82701CB22B210073DC17 /* SettingsTableViewController.swift */; };
		593B82731CB22B2E0073DC17 /* BrowseViewController.swift in Sources */ = {isa = PBXBuildFile; fileRef = 593B82721CB22B2E0073DC17 /* BrowseViewController.swift */; };
		593B82751CB22B380073DC17 /* MyMemesViewController.swift in Sources */ = {isa = PBXBuildFile; fileRef = 593B82741CB22B380073DC17 /* MyMemesViewController.swift */; };
		593B82771CB22CC80073DC17 /* EditorViewController.swift in Sources */ = {isa = PBXBuildFile; fileRef = 593B82761CB22CC80073DC17 /* EditorViewController.swift */; };
		593B827C1CB24E000073DC17 /* XCreated+CoreDataProperties.swift in Sources */ = {isa = PBXBuildFile; fileRef = 593B82781CB24E000073DC17 /* XCreated+CoreDataProperties.swift */; };
		593B827D1CB24E000073DC17 /* XCreated.swift in Sources */ = {isa = PBXBuildFile; fileRef = 593B82791CB24E000073DC17 /* XCreated.swift */; };
		593B827E1CB24E000073DC17 /* XMeme+CoreDataProperties.swift in Sources */ = {isa = PBXBuildFile; fileRef = 593B827A1CB24E000073DC17 /* XMeme+CoreDataProperties.swift */; };
		593B827F1CB24E000073DC17 /* XMeme.swift in Sources */ = {isa = PBXBuildFile; fileRef = 593B827B1CB24E000073DC17 /* XMeme.swift */; };
		593B82881CB287030073DC17 /* PrefixHeader.swift in Sources */ = {isa = PBXBuildFile; fileRef = 593B82871CB287030073DC17 /* PrefixHeader.swift */; };
		593B828B1CB291510073DC17 /* MemesCollectionViewCell.swift in Sources */ = {isa = PBXBuildFile; fileRef = 593B828A1CB291510073DC17 /* MemesCollectionViewCell.swift */; };
		594C5ACF1CBA0F0700273B75 /* Walkthrough.storyboard in Resources */ = {isa = PBXBuildFile; fileRef = 594C5ACD1CBA0F0700273B75 /* Walkthrough.storyboard */; };
		594C5AD71CBA291700273B75 /* PhotosUI.framework in Frameworks */ = {isa = PBXBuildFile; fileRef = 594C5AD61CBA291700273B75 /* PhotosUI.framework */; };
		594C5AD91CBA291700273B75 /* Photos.framework in Frameworks */ = {isa = PBXBuildFile; fileRef = 594C5AD81CBA291700273B75 /* Photos.framework */; };
		594C5ADC1CBA291700273B75 /* PhotoEditingViewController.swift in Sources */ = {isa = PBXBuildFile; fileRef = 594C5ADB1CBA291700273B75 /* PhotoEditingViewController.swift */; };
		594C5ADF1CBA291700273B75 /* MainInterface.storyboard in Resources */ = {isa = PBXBuildFile; fileRef = 594C5ADD1CBA291700273B75 /* MainInterface.storyboard */; };
		594C5AE31CBA291700273B75 /* Photo Meme.appex in Embed App Extensions */ = {isa = PBXBuildFile; fileRef = 594C5AD51CBA291700273B75 /* Photo Meme.appex */; settings = {ATTRIBUTES = (RemoveHeadersOnCopy, ); }; };
		594C5AEC1CBA2B6600273B75 /* BlurredImageView.swift in Sources */ = {isa = PBXBuildFile; fileRef = 594C5AE91CBA2B6600273B75 /* BlurredImageView.swift */; };
		594C5AED1CBA2B6600273B75 /* FontsTableViewCell.swift in Sources */ = {isa = PBXBuildFile; fileRef = 594C5AEA1CBA2B6600273B75 /* FontsTableViewCell.swift */; };
		594C5AEE1CBA2B6600273B75 /* SwipableTextField.swift in Sources */ = {isa = PBXBuildFile; fileRef = 594C5AEB1CBA2B6600273B75 /* SwipableTextField.swift */; };
		594C5AF01CBA2BA400273B75 /* UnderlinedLabel.swift in Sources */ = {isa = PBXBuildFile; fileRef = 594C5AEF1CBA2BA400273B75 /* UnderlinedLabel.swift */; };
		594C5B121CBA2BEA00273B75 /* Absender.ttf in Resources */ = {isa = PBXBuildFile; fileRef = 594C5AF31CBA2BEA00273B75 /* Absender.ttf */; };
		594C5B131CBA2BEA00273B75 /* angelina.ttf in Resources */ = {isa = PBXBuildFile; fileRef = 594C5AF41CBA2BEA00273B75 /* angelina.ttf */; };
		594C5B141CBA2BEA00273B75 /* Arabella.ttf in Resources */ = {isa = PBXBuildFile; fileRef = 594C5AF51CBA2BEA00273B75 /* Arabella.ttf */; };
		594C5B151CBA2BEA00273B75 /* Artbrush.ttf in Resources */ = {isa = PBXBuildFile; fileRef = 594C5AF61CBA2BEA00273B75 /* Artbrush.ttf */; };
		594C5B161CBA2BEA00273B75 /* AvenirCondensedHand.ttf in Resources */ = {isa = PBXBuildFile; fileRef = 594C5AF71CBA2BEA00273B75 /* AvenirCondensedHand.ttf */; };
		594C5B171CBA2BEA00273B75 /* Bolina.otf in Resources */ = {isa = PBXBuildFile; fileRef = 594C5AF81CBA2BEA00273B75 /* Bolina.otf */; };
		594C5B181CBA2BEA00273B75 /* daniel.ttf in Resources */ = {isa = PBXBuildFile; fileRef = 594C5AF91CBA2BEA00273B75 /* daniel.ttf */; };
		594C5B191CBA2BEA00273B75 /* Darkwoman.otf in Resources */ = {isa = PBXBuildFile; fileRef = 594C5AFA1CBA2BEA00273B75 /* Darkwoman.otf */; };
		594C5B1A1CBA2BEA00273B75 /* EtelkaNarrowTextPro.otf in Resources */ = {isa = PBXBuildFile; fileRef = 594C5AFB1CBA2BEA00273B75 /* EtelkaNarrowTextPro.otf */; };
		594C5B1B1CBA2BEA00273B75 /* fonts.json in Resources */ = {isa = PBXBuildFile; fileRef = 594C5AFC1CBA2BEA00273B75 /* fonts.json */; };
		594C5B1C1CBA2BEA00273B75 /* HoneyScript-Light.ttf in Resources */ = {isa = PBXBuildFile; fileRef = 594C5AFD1CBA2BEA00273B75 /* HoneyScript-Light.ttf */; };
		594C5B1D1CBA2BEA00273B75 /* Impact.ttf in Resources */ = {isa = PBXBuildFile; fileRef = 594C5AFE1CBA2BEA00273B75 /* Impact.ttf */; };
		594C5B1E1CBA2BEA00273B75 /* JennaSue.ttf in Resources */ = {isa = PBXBuildFile; fileRef = 594C5AFF1CBA2BEA00273B75 /* JennaSue.ttf */; };
		594C5B1F1CBA2BEA00273B75 /* Karate.ttf in Resources */ = {isa = PBXBuildFile; fileRef = 594C5B001CBA2BEA00273B75 /* Karate.ttf */; };
		594C5B201CBA2BEA00273B75 /* LeagueGothic-Italic.otf in Resources */ = {isa = PBXBuildFile; fileRef = 594C5B011CBA2BEA00273B75 /* LeagueGothic-Italic.otf */; };
		594C5B211CBA2BEA00273B75 /* LeagueGothic-Regular.otf in Resources */ = {isa = PBXBuildFile; fileRef = 594C5B021CBA2BEA00273B75 /* LeagueGothic-Regular.otf */; };
		594C5B221CBA2BEA00273B75 /* LithosPro-Black.otf in Resources */ = {isa = PBXBuildFile; fileRef = 594C5B031CBA2BEA00273B75 /* LithosPro-Black.otf */; };
		594C5B231CBA2BEA00273B75 /* LouisaCP.otf in Resources */ = {isa = PBXBuildFile; fileRef = 594C5B041CBA2BEA00273B75 /* LouisaCP.otf */; };
		594C5B241CBA2BEA00273B75 /* MarketingScript.ttf in Resources */ = {isa = PBXBuildFile; fileRef = 594C5B051CBA2BEA00273B75 /* MarketingScript.ttf */; };
		594C5B251CBA2BEA00273B75 /* PoplarStd.otf in Resources */ = {isa = PBXBuildFile; fileRef = 594C5B061CBA2BEA00273B75 /* PoplarStd.otf */; };
		594C5B261CBA2BEA00273B75 /* Prisma.ttf in Resources */ = {isa = PBXBuildFile; fileRef = 594C5B071CBA2BEA00273B75 /* Prisma.ttf */; };
		594C5B271CBA2BEA00273B75 /* Righteous-Regular.ttf in Resources */ = {isa = PBXBuildFile; fileRef = 594C5B081CBA2BEA00273B75 /* Righteous-Regular.ttf */; };
		594C5B281CBA2BEA00273B75 /* RollingNoOne-ExtraBold.ttf in Resources */ = {isa = PBXBuildFile; fileRef = 594C5B091CBA2BEA00273B75 /* RollingNoOne-ExtraBold.ttf */; };
		594C5B291CBA2BEA00273B75 /* Skipping_Stones.ttf in Resources */ = {isa = PBXBuildFile; fileRef = 594C5B0A1CBA2BEA00273B75 /* Skipping_Stones.ttf */; };
		594C5B2A1CBA2BEA00273B75 /* StencilStd.otf in Resources */ = {isa = PBXBuildFile; fileRef = 594C5B0B1CBA2BEA00273B75 /* StencilStd.otf */; };
		594C5B2B1CBA2BEA00273B75 /* Subway-Black.ttf in Resources */ = {isa = PBXBuildFile; fileRef = 594C5B0C1CBA2BEA00273B75 /* Subway-Black.ttf */; };
		594C5B2C1CBA2BEA00273B75 /* TobagoPoster.ttf in Resources */ = {isa = PBXBuildFile; fileRef = 594C5B0D1CBA2BEA00273B75 /* TobagoPoster.ttf */; };
		594C5B2D1CBA2BEA00273B75 /* TrashHand.ttf in Resources */ = {isa = PBXBuildFile; fileRef = 594C5B0E1CBA2BEA00273B75 /* TrashHand.ttf */; };
		594C5B2E1CBA2BEA00273B75 /* PrefixHeader.swift in Sources */ = {isa = PBXBuildFile; fileRef = 594C5B0F1CBA2BEA00273B75 /* PrefixHeader.swift */; };
		594C5B2F1CBA2BEA00273B75 /* SettingsManager.swift in Sources */ = {isa = PBXBuildFile; fileRef = 594C5B101CBA2BEA00273B75 /* SettingsManager.swift */; };
		594C5B301CBA2BEA00273B75 /* XTextAttributes.swift in Sources */ = {isa = PBXBuildFile; fileRef = 594C5B111CBA2BEA00273B75 /* XTextAttributes.swift */; };
		594C5B321CBA2C5600273B75 /* FontTableViewController.swift in Sources */ = {isa = PBXBuildFile; fileRef = 594C5B311CBA2C5600273B75 /* FontTableViewController.swift */; };
		594C5B341CBA5C2A00273B75 /* settings.png in Resources */ = {isa = PBXBuildFile; fileRef = 594C5B331CBA5C2A00273B75 /* settings.png */; };
		59505D0C1CBE6BA400518E56 /* RowCountPickerTableViewController.swift in Sources */ = {isa = PBXBuildFile; fileRef = 59505D0B1CBE6BA400518E56 /* RowCountPickerTableViewController.swift */; };
		595E1CC71CBE21150061D270 /* AcknowledgementsTableViewController.swift in Sources */ = {isa = PBXBuildFile; fileRef = 595E1CC61CBE21150061D270 /* AcknowledgementsTableViewController.swift */; };
		595E1CCD1CBE26620061D270 /* fontAck.json in Resources */ = {isa = PBXBuildFile; fileRef = 595E1CCB1CBE26620061D270 /* fontAck.json */; };
		595E1CCE1CBE26620061D270 /* libsAck.json in Resources */ = {isa = PBXBuildFile; fileRef = 595E1CCC1CBE26620061D270 /* libsAck.json */; };
		595E1CD11CBE29600061D270 /* quotes.json in Resources */ = {isa = PBXBuildFile; fileRef = 595E1CD01CBE29600061D270 /* quotes.json */; };
		596012AF1CBD4AA9001196F6 /* defaultMemes.dat in Resources */ = {isa = PBXBuildFile; fileRef = 596012AD1CBD4AA9001196F6 /* defaultMemes.dat */; };
		596012B01CBD4AA9001196F6 /* defaultMemes.zip in Resources */ = {isa = PBXBuildFile; fileRef = 596012AE1CBD4AA9001196F6 /* defaultMemes.zip */; };
		597D745A1CB3A4A1002C784B /* SettingsManager.swift in Sources */ = {isa = PBXBuildFile; fileRef = 597D74591CB3A4A1002C784B /* SettingsManager.swift */; };
		597D74761CB43866002C784B /* Absender.ttf in Resources */ = {isa = PBXBuildFile; fileRef = 597D745B1CB43866002C784B /* Absender.ttf */; };
		597D74771CB43866002C784B /* angelina.ttf in Resources */ = {isa = PBXBuildFile; fileRef = 597D745C1CB43866002C784B /* angelina.ttf */; };
		597D74781CB43866002C784B /* Arabella.ttf in Resources */ = {isa = PBXBuildFile; fileRef = 597D745D1CB43866002C784B /* Arabella.ttf */; };
		597D74791CB43866002C784B /* Artbrush.ttf in Resources */ = {isa = PBXBuildFile; fileRef = 597D745E1CB43866002C784B /* Artbrush.ttf */; };
		597D747A1CB43866002C784B /* AvenirCondensedHand.ttf in Resources */ = {isa = PBXBuildFile; fileRef = 597D745F1CB43866002C784B /* AvenirCondensedHand.ttf */; };
		597D747B1CB43866002C784B /* Bolina.otf in Resources */ = {isa = PBXBuildFile; fileRef = 597D74601CB43866002C784B /* Bolina.otf */; };
		597D747C1CB43866002C784B /* daniel.ttf in Resources */ = {isa = PBXBuildFile; fileRef = 597D74611CB43866002C784B /* daniel.ttf */; };
		597D747D1CB43866002C784B /* Darkwoman.otf in Resources */ = {isa = PBXBuildFile; fileRef = 597D74621CB43866002C784B /* Darkwoman.otf */; };
		597D747E1CB43866002C784B /* EtelkaNarrowTextPro.otf in Resources */ = {isa = PBXBuildFile; fileRef = 597D74631CB43866002C784B /* EtelkaNarrowTextPro.otf */; };
		597D747F1CB43866002C784B /* HoneyScript-Light.ttf in Resources */ = {isa = PBXBuildFile; fileRef = 597D74641CB43866002C784B /* HoneyScript-Light.ttf */; };
		597D74801CB43866002C784B /* Impact.ttf in Resources */ = {isa = PBXBuildFile; fileRef = 597D74651CB43866002C784B /* Impact.ttf */; };
		597D74811CB43866002C784B /* JennaSue.ttf in Resources */ = {isa = PBXBuildFile; fileRef = 597D74661CB43866002C784B /* JennaSue.ttf */; };
		597D74821CB43866002C784B /* Karate.ttf in Resources */ = {isa = PBXBuildFile; fileRef = 597D74671CB43866002C784B /* Karate.ttf */; };
		597D74831CB43866002C784B /* LeagueGothic-Italic.otf in Resources */ = {isa = PBXBuildFile; fileRef = 597D74681CB43866002C784B /* LeagueGothic-Italic.otf */; };
		597D74841CB43866002C784B /* LeagueGothic-Regular.otf in Resources */ = {isa = PBXBuildFile; fileRef = 597D74691CB43866002C784B /* LeagueGothic-Regular.otf */; };
		597D74851CB43866002C784B /* LithosPro-Black.otf in Resources */ = {isa = PBXBuildFile; fileRef = 597D746A1CB43866002C784B /* LithosPro-Black.otf */; };
		597D74861CB43866002C784B /* LouisaCP.otf in Resources */ = {isa = PBXBuildFile; fileRef = 597D746B1CB43866002C784B /* LouisaCP.otf */; };
		597D74871CB43866002C784B /* MarketingScript.ttf in Resources */ = {isa = PBXBuildFile; fileRef = 597D746C1CB43866002C784B /* MarketingScript.ttf */; };
		597D74881CB43866002C784B /* PoplarStd.otf in Resources */ = {isa = PBXBuildFile; fileRef = 597D746D1CB43866002C784B /* PoplarStd.otf */; };
		597D74891CB43866002C784B /* Prisma.ttf in Resources */ = {isa = PBXBuildFile; fileRef = 597D746E1CB43866002C784B /* Prisma.ttf */; };
		597D748A1CB43866002C784B /* Righteous-Regular.ttf in Resources */ = {isa = PBXBuildFile; fileRef = 597D746F1CB43866002C784B /* Righteous-Regular.ttf */; };
		597D748B1CB43866002C784B /* RollingNoOne-ExtraBold.ttf in Resources */ = {isa = PBXBuildFile; fileRef = 597D74701CB43866002C784B /* RollingNoOne-ExtraBold.ttf */; };
		597D748C1CB43866002C784B /* Skipping_Stones.ttf in Resources */ = {isa = PBXBuildFile; fileRef = 597D74711CB43866002C784B /* Skipping_Stones.ttf */; };
		597D748D1CB43866002C784B /* StencilStd.otf in Resources */ = {isa = PBXBuildFile; fileRef = 597D74721CB43866002C784B /* StencilStd.otf */; };
		597D748E1CB43866002C784B /* Subway-Black.ttf in Resources */ = {isa = PBXBuildFile; fileRef = 597D74731CB43866002C784B /* Subway-Black.ttf */; };
		597D748F1CB43866002C784B /* TobagoPoster.ttf in Resources */ = {isa = PBXBuildFile; fileRef = 597D74741CB43866002C784B /* TobagoPoster.ttf */; };
		597D74901CB43866002C784B /* TrashHand.ttf in Resources */ = {isa = PBXBuildFile; fileRef = 597D74751CB43866002C784B /* TrashHand.ttf */; };
		59BC23BB1CB7E2B8004D6673 /* XUserCreation+CoreDataProperties.swift in Sources */ = {isa = PBXBuildFile; fileRef = 59BC23B91CB7E2B8004D6673 /* XUserCreation+CoreDataProperties.swift */; };
		59BC23BC1CB7E2B8004D6673 /* XUserCreation.swift in Sources */ = {isa = PBXBuildFile; fileRef = 59BC23BA1CB7E2B8004D6673 /* XUserCreation.swift */; };
		59BC23BE1CB8BACE004D6673 /* CoreData.framework in Frameworks */ = {isa = PBXBuildFile; fileRef = 59BC23BD1CB8BACE004D6673 /* CoreData.framework */; };
		59BC23C01CB8F1E6004D6673 /* ViewerCollectionViewCell.swift in Sources */ = {isa = PBXBuildFile; fileRef = 59BC23BF1CB8F1E6004D6673 /* ViewerCollectionViewCell.swift */; };
		59D244AF1CBD2C7A00477A66 /* 01.jpg in Resources */ = {isa = PBXBuildFile; fileRef = 59D244AB1CBD2C7A00477A66 /* 01.jpg */; };
		59D244B01CBD2C7A00477A66 /* 02.jpg in Resources */ = {isa = PBXBuildFile; fileRef = 59D244AC1CBD2C7A00477A66 /* 02.jpg */; };
		59D244B11CBD2C7A00477A66 /* 03.jpg in Resources */ = {isa = PBXBuildFile; fileRef = 59D244AD1CBD2C7A00477A66 /* 03.jpg */; };
		59D244B21CBD2C7A00477A66 /* 04.jpg in Resources */ = {isa = PBXBuildFile; fileRef = 59D244AE1CBD2C7A00477A66 /* 04.jpg */; };
		59ED09DD1CBB7AE000817D4D /* theboldfont.ttf in Resources */ = {isa = PBXBuildFile; fileRef = 59ED09D81CBB7AE000817D4D /* theboldfont.ttf */; };
		59ED09DE1CBB7AE000817D4D /* Roboto-Bold.ttf in Resources */ = {isa = PBXBuildFile; fileRef = 59ED09D91CBB7AE000817D4D /* Roboto-Bold.ttf */; };
		59ED09DF1CBB7AE000817D4D /* Gravity-Book.otf in Resources */ = {isa = PBXBuildFile; fileRef = 59ED09DA1CBB7AE000817D4D /* Gravity-Book.otf */; };
		59ED09E01CBB7AE000817D4D /* Existence-Light.ttf in Resources */ = {isa = PBXBuildFile; fileRef = 59ED09DB1CBB7AE000817D4D /* Existence-Light.ttf */; };
		59ED09E11CBB7AE000817D4D /* CaviarDreams.ttf in Resources */ = {isa = PBXBuildFile; fileRef = 59ED09DC1CBB7AE000817D4D /* CaviarDreams.ttf */; };
		59ED09E71CBB7AF900817D4D /* CaviarDreams.ttf in Resources */ = {isa = PBXBuildFile; fileRef = 59ED09E21CBB7AF900817D4D /* CaviarDreams.ttf */; };
		59ED09E81CBB7AF900817D4D /* Existence-Light.ttf in Resources */ = {isa = PBXBuildFile; fileRef = 59ED09E31CBB7AF900817D4D /* Existence-Light.ttf */; };
		59ED09E91CBB7AF900817D4D /* Gravity-Book.otf in Resources */ = {isa = PBXBuildFile; fileRef = 59ED09E41CBB7AF900817D4D /* Gravity-Book.otf */; };
		59ED09EA1CBB7AF900817D4D /* Roboto-Bold.ttf in Resources */ = {isa = PBXBuildFile; fileRef = 59ED09E51CBB7AF900817D4D /* Roboto-Bold.ttf */; };
		59ED09EB1CBB7AF900817D4D /* theboldfont.ttf in Resources */ = {isa = PBXBuildFile; fileRef = 59ED09E61CBB7AF900817D4D /* theboldfont.ttf */; };
		59EFF4C91CB4BB0000EE3D27 /* XTextAttributes.swift in Sources */ = {isa = PBXBuildFile; fileRef = 59EFF4C81CB4BB0000EE3D27 /* XTextAttributes.swift */; };
		59EFF4CB1CB4DF6400EE3D27 /* SwipableTextField.swift in Sources */ = {isa = PBXBuildFile; fileRef = 59EFF4CA1CB4DF6400EE3D27 /* SwipableTextField.swift */; };
		59EFF4CE1CB5767C00EE3D27 /* FontTableViewController.swift in Sources */ = {isa = PBXBuildFile; fileRef = 59EFF4CD1CB5767C00EE3D27 /* FontTableViewController.swift */; };
		59EFF4D01CB57C6700EE3D27 /* fonts.json in Resources */ = {isa = PBXBuildFile; fileRef = 59EFF4CF1CB57C6700EE3D27 /* fonts.json */; };
		8BCF1B811523F871ECACFD0D /* Pods_Meme_Maker.framework in Frameworks */ = {isa = PBXBuildFile; fileRef = D1E739797FDF36A4DE413DA6 /* Pods_Meme_Maker.framework */; };
/* End PBXBuildFile section */

/* Begin PBXContainerItemProxy section */
		593B82451CB222570073DC17 /* PBXContainerItemProxy */ = {
			isa = PBXContainerItemProxy;
			containerPortal = 593B82251CB222560073DC17 /* Project object */;
			proxyType = 1;
			remoteGlobalIDString = 593B822C1CB222560073DC17;
			remoteInfo = "Meme Maker";
		};
		593B82501CB222570073DC17 /* PBXContainerItemProxy */ = {
			isa = PBXContainerItemProxy;
			containerPortal = 593B82251CB222560073DC17 /* Project object */;
			proxyType = 1;
			remoteGlobalIDString = 593B822C1CB222560073DC17;
			remoteInfo = "Meme Maker";
		};
		594C5AE11CBA291700273B75 /* PBXContainerItemProxy */ = {
			isa = PBXContainerItemProxy;
			containerPortal = 593B82251CB222560073DC17 /* Project object */;
			proxyType = 1;
			remoteGlobalIDString = 594C5AD41CBA291700273B75;
			remoteInfo = "Photo Meme";
		};
/* End PBXContainerItemProxy section */

/* Begin PBXCopyFilesBuildPhase section */
		594C5AE71CBA291700273B75 /* Embed App Extensions */ = {
			isa = PBXCopyFilesBuildPhase;
			buildActionMask = 2147483647;
			dstPath = "";
			dstSubfolderSpec = 13;
			files = (
				594C5AE31CBA291700273B75 /* Photo Meme.appex in Embed App Extensions */,
			);
			name = "Embed App Extensions";
			runOnlyForDeploymentPostprocessing = 0;
		};
/* End PBXCopyFilesBuildPhase section */

/* Begin PBXFileReference section */
		1A1E74CE2FF0EB2F06D26630 /* Pods-Photo Meme.debug.xcconfig */ = {isa = PBXFileReference; includeInIndex = 1; lastKnownFileType = text.xcconfig; name = "Pods-Photo Meme.debug.xcconfig"; path = "Pods/Target Support Files/Pods-Photo Meme/Pods-Photo Meme.debug.xcconfig"; sourceTree = "<group>"; };
		592293E51CB6897600219133 /* FontsTableViewCell.swift */ = {isa = PBXFileReference; fileEncoding = 4; lastKnownFileType = sourcecode.swift; name = FontsTableViewCell.swift; path = Views/FontsTableViewCell.swift; sourceTree = "<group>"; };
		592293E81CB694DF00219133 /* UnderlinedLabel.swift */ = {isa = PBXFileReference; fileEncoding = 4; lastKnownFileType = sourcecode.swift; name = UnderlinedLabel.swift; path = Views/UnderlinedLabel.swift; sourceTree = "<group>"; };
		592293EB1CB6C35800219133 /* BlurredImageView.swift */ = {isa = PBXFileReference; fileEncoding = 4; lastKnownFileType = sourcecode.swift; name = BlurredImageView.swift; path = Views/BlurredImageView.swift; sourceTree = "<group>"; };
		593B822D1CB222560073DC17 /* Meme Maker.app */ = {isa = PBXFileReference; explicitFileType = wrapper.application; includeInIndex = 0; path = "Meme Maker.app"; sourceTree = BUILT_PRODUCTS_DIR; };
		593B82301CB222560073DC17 /* AppDelegate.swift */ = {isa = PBXFileReference; lastKnownFileType = sourcecode.swift; path = AppDelegate.swift; sourceTree = "<group>"; };
		593B82351CB222560073DC17 /* Base */ = {isa = PBXFileReference; lastKnownFileType = file.storyboard; name = Base; path = Base.lproj/Main.storyboard; sourceTree = "<group>"; };
		593B82381CB222560073DC17 /* Meme_Maker.xcdatamodel */ = {isa = PBXFileReference; lastKnownFileType = wrapper.xcdatamodel; path = Meme_Maker.xcdatamodel; sourceTree = "<group>"; };
		593B823A1CB222560073DC17 /* Assets.xcassets */ = {isa = PBXFileReference; lastKnownFileType = folder.assetcatalog; path = Assets.xcassets; sourceTree = "<group>"; };
		593B823D1CB222560073DC17 /* Base */ = {isa = PBXFileReference; lastKnownFileType = file.storyboard; name = Base; path = Base.lproj/LaunchScreen.storyboard; sourceTree = "<group>"; };
		593B823F1CB222560073DC17 /* Info.plist */ = {isa = PBXFileReference; lastKnownFileType = text.plist.xml; path = Info.plist; sourceTree = "<group>"; };
		593B82441CB222570073DC17 /* Meme MakerTests.xctest */ = {isa = PBXFileReference; explicitFileType = wrapper.cfbundle; includeInIndex = 0; path = "Meme MakerTests.xctest"; sourceTree = BUILT_PRODUCTS_DIR; };
		593B82481CB222570073DC17 /* Meme_MakerTests.swift */ = {isa = PBXFileReference; lastKnownFileType = sourcecode.swift; path = Meme_MakerTests.swift; sourceTree = "<group>"; };
		593B824A1CB222570073DC17 /* Info.plist */ = {isa = PBXFileReference; lastKnownFileType = text.plist.xml; name = Info.plist; path = "Meme MakerTests/Info.plist"; sourceTree = SOURCE_ROOT; };
		593B824F1CB222570073DC17 /* Meme MakerUITests.xctest */ = {isa = PBXFileReference; explicitFileType = wrapper.cfbundle; includeInIndex = 0; path = "Meme MakerUITests.xctest"; sourceTree = BUILT_PRODUCTS_DIR; };
		593B82531CB222570073DC17 /* Meme_MakerUITests.swift */ = {isa = PBXFileReference; lastKnownFileType = sourcecode.swift; path = Meme_MakerUITests.swift; sourceTree = "<group>"; };
		593B82551CB222570073DC17 /* Info.plist */ = {isa = PBXFileReference; lastKnownFileType = text.plist.xml; path = Info.plist; sourceTree = "<group>"; };
		593B82681CB22AB90073DC17 /* MemesViewController.swift */ = {isa = PBXFileReference; fileEncoding = 4; lastKnownFileType = sourcecode.swift; name = MemesViewController.swift; path = Controllers/MemesViewController.swift; sourceTree = "<group>"; };
		593B82701CB22B210073DC17 /* SettingsTableViewController.swift */ = {isa = PBXFileReference; fileEncoding = 4; lastKnownFileType = sourcecode.swift; name = SettingsTableViewController.swift; path = Controllers/SettingsTableViewController.swift; sourceTree = "<group>"; };
		593B82721CB22B2E0073DC17 /* BrowseViewController.swift */ = {isa = PBXFileReference; fileEncoding = 4; lastKnownFileType = sourcecode.swift; name = BrowseViewController.swift; path = Controllers/BrowseViewController.swift; sourceTree = "<group>"; };
		593B82741CB22B380073DC17 /* MyMemesViewController.swift */ = {isa = PBXFileReference; fileEncoding = 4; lastKnownFileType = sourcecode.swift; name = MyMemesViewController.swift; path = Controllers/MyMemesViewController.swift; sourceTree = "<group>"; };
		593B82761CB22CC80073DC17 /* EditorViewController.swift */ = {isa = PBXFileReference; fileEncoding = 4; lastKnownFileType = sourcecode.swift; name = EditorViewController.swift; path = Controllers/EditorViewController.swift; sourceTree = "<group>"; };
		593B82781CB24E000073DC17 /* XCreated+CoreDataProperties.swift */ = {isa = PBXFileReference; fileEncoding = 4; lastKnownFileType = sourcecode.swift; name = "XCreated+CoreDataProperties.swift"; path = "Model/XCreated+CoreDataProperties.swift"; sourceTree = "<group>"; };
		593B82791CB24E000073DC17 /* XCreated.swift */ = {isa = PBXFileReference; fileEncoding = 4; lastKnownFileType = sourcecode.swift; name = XCreated.swift; path = Model/XCreated.swift; sourceTree = "<group>"; };
		593B827A1CB24E000073DC17 /* XMeme+CoreDataProperties.swift */ = {isa = PBXFileReference; fileEncoding = 4; lastKnownFileType = sourcecode.swift; name = "XMeme+CoreDataProperties.swift"; path = "Model/XMeme+CoreDataProperties.swift"; sourceTree = "<group>"; };
		593B827B1CB24E000073DC17 /* XMeme.swift */ = {isa = PBXFileReference; fileEncoding = 4; lastKnownFileType = sourcecode.swift; name = XMeme.swift; path = Model/XMeme.swift; sourceTree = "<group>"; };
		593B82871CB287030073DC17 /* PrefixHeader.swift */ = {isa = PBXFileReference; fileEncoding = 4; lastKnownFileType = sourcecode.swift; name = PrefixHeader.swift; path = "Supporting Files/PrefixHeader.swift"; sourceTree = "<group>"; };
		593B828A1CB291510073DC17 /* MemesCollectionViewCell.swift */ = {isa = PBXFileReference; fileEncoding = 4; lastKnownFileType = sourcecode.swift; name = MemesCollectionViewCell.swift; path = Views/MemesCollectionViewCell.swift; sourceTree = "<group>"; };
		594C5ACE1CBA0F0700273B75 /* Base */ = {isa = PBXFileReference; lastKnownFileType = file.storyboard; name = Base; path = Base.lproj/Walkthrough.storyboard; sourceTree = "<group>"; };
		594C5AD51CBA291700273B75 /* Photo Meme.appex */ = {isa = PBXFileReference; explicitFileType = "wrapper.app-extension"; includeInIndex = 0; path = "Photo Meme.appex"; sourceTree = BUILT_PRODUCTS_DIR; };
		594C5AD61CBA291700273B75 /* PhotosUI.framework */ = {isa = PBXFileReference; lastKnownFileType = wrapper.framework; name = PhotosUI.framework; path = System/Library/Frameworks/PhotosUI.framework; sourceTree = SDKROOT; };
		594C5AD81CBA291700273B75 /* Photos.framework */ = {isa = PBXFileReference; lastKnownFileType = wrapper.framework; name = Photos.framework; path = System/Library/Frameworks/Photos.framework; sourceTree = SDKROOT; };
		594C5ADB1CBA291700273B75 /* PhotoEditingViewController.swift */ = {isa = PBXFileReference; lastKnownFileType = sourcecode.swift; path = PhotoEditingViewController.swift; sourceTree = "<group>"; };
		594C5ADE1CBA291700273B75 /* Base */ = {isa = PBXFileReference; lastKnownFileType = file.storyboard; name = Base; path = Base.lproj/MainInterface.storyboard; sourceTree = "<group>"; };
		594C5AE01CBA291700273B75 /* Info.plist */ = {isa = PBXFileReference; lastKnownFileType = text.plist.xml; path = Info.plist; sourceTree = "<group>"; };
		594C5AE91CBA2B6600273B75 /* BlurredImageView.swift */ = {isa = PBXFileReference; fileEncoding = 4; lastKnownFileType = sourcecode.swift; path = BlurredImageView.swift; sourceTree = "<group>"; };
		594C5AEA1CBA2B6600273B75 /* FontsTableViewCell.swift */ = {isa = PBXFileReference; fileEncoding = 4; lastKnownFileType = sourcecode.swift; path = FontsTableViewCell.swift; sourceTree = "<group>"; };
		594C5AEB1CBA2B6600273B75 /* SwipableTextField.swift */ = {isa = PBXFileReference; fileEncoding = 4; lastKnownFileType = sourcecode.swift; path = SwipableTextField.swift; sourceTree = "<group>"; };
		594C5AEF1CBA2BA400273B75 /* UnderlinedLabel.swift */ = {isa = PBXFileReference; fileEncoding = 4; lastKnownFileType = sourcecode.swift; path = UnderlinedLabel.swift; sourceTree = "<group>"; };
		594C5AF31CBA2BEA00273B75 /* Absender.ttf */ = {isa = PBXFileReference; lastKnownFileType = file; path = Absender.ttf; sourceTree = "<group>"; };
		594C5AF41CBA2BEA00273B75 /* angelina.ttf */ = {isa = PBXFileReference; lastKnownFileType = file; path = angelina.ttf; sourceTree = "<group>"; };
		594C5AF51CBA2BEA00273B75 /* Arabella.ttf */ = {isa = PBXFileReference; lastKnownFileType = file; path = Arabella.ttf; sourceTree = "<group>"; };
		594C5AF61CBA2BEA00273B75 /* Artbrush.ttf */ = {isa = PBXFileReference; lastKnownFileType = file; path = Artbrush.ttf; sourceTree = "<group>"; };
		594C5AF71CBA2BEA00273B75 /* AvenirCondensedHand.ttf */ = {isa = PBXFileReference; lastKnownFileType = file; path = AvenirCondensedHand.ttf; sourceTree = "<group>"; };
		594C5AF81CBA2BEA00273B75 /* Bolina.otf */ = {isa = PBXFileReference; lastKnownFileType = file; path = Bolina.otf; sourceTree = "<group>"; };
		594C5AF91CBA2BEA00273B75 /* daniel.ttf */ = {isa = PBXFileReference; lastKnownFileType = file; path = daniel.ttf; sourceTree = "<group>"; };
		594C5AFA1CBA2BEA00273B75 /* Darkwoman.otf */ = {isa = PBXFileReference; lastKnownFileType = file; path = Darkwoman.otf; sourceTree = "<group>"; };
		594C5AFB1CBA2BEA00273B75 /* EtelkaNarrowTextPro.otf */ = {isa = PBXFileReference; lastKnownFileType = file; path = EtelkaNarrowTextPro.otf; sourceTree = "<group>"; };
		594C5AFC1CBA2BEA00273B75 /* fonts.json */ = {isa = PBXFileReference; fileEncoding = 4; lastKnownFileType = text.json; path = fonts.json; sourceTree = "<group>"; };
		594C5AFD1CBA2BEA00273B75 /* HoneyScript-Light.ttf */ = {isa = PBXFileReference; lastKnownFileType = file; path = "HoneyScript-Light.ttf"; sourceTree = "<group>"; };
		594C5AFE1CBA2BEA00273B75 /* Impact.ttf */ = {isa = PBXFileReference; lastKnownFileType = file; path = Impact.ttf; sourceTree = "<group>"; };
		594C5AFF1CBA2BEA00273B75 /* JennaSue.ttf */ = {isa = PBXFileReference; lastKnownFileType = file; path = JennaSue.ttf; sourceTree = "<group>"; };
		594C5B001CBA2BEA00273B75 /* Karate.ttf */ = {isa = PBXFileReference; lastKnownFileType = file; path = Karate.ttf; sourceTree = "<group>"; };
		594C5B011CBA2BEA00273B75 /* LeagueGothic-Italic.otf */ = {isa = PBXFileReference; lastKnownFileType = file; path = "LeagueGothic-Italic.otf"; sourceTree = "<group>"; };
		594C5B021CBA2BEA00273B75 /* LeagueGothic-Regular.otf */ = {isa = PBXFileReference; lastKnownFileType = file; path = "LeagueGothic-Regular.otf"; sourceTree = "<group>"; };
		594C5B031CBA2BEA00273B75 /* LithosPro-Black.otf */ = {isa = PBXFileReference; lastKnownFileType = file; path = "LithosPro-Black.otf"; sourceTree = "<group>"; };
		594C5B041CBA2BEA00273B75 /* LouisaCP.otf */ = {isa = PBXFileReference; lastKnownFileType = file; path = LouisaCP.otf; sourceTree = "<group>"; };
		594C5B051CBA2BEA00273B75 /* MarketingScript.ttf */ = {isa = PBXFileReference; lastKnownFileType = file; path = MarketingScript.ttf; sourceTree = "<group>"; };
		594C5B061CBA2BEA00273B75 /* PoplarStd.otf */ = {isa = PBXFileReference; lastKnownFileType = file; path = PoplarStd.otf; sourceTree = "<group>"; };
		594C5B071CBA2BEA00273B75 /* Prisma.ttf */ = {isa = PBXFileReference; lastKnownFileType = file; path = Prisma.ttf; sourceTree = "<group>"; };
		594C5B081CBA2BEA00273B75 /* Righteous-Regular.ttf */ = {isa = PBXFileReference; lastKnownFileType = file; path = "Righteous-Regular.ttf"; sourceTree = "<group>"; };
		594C5B091CBA2BEA00273B75 /* RollingNoOne-ExtraBold.ttf */ = {isa = PBXFileReference; lastKnownFileType = file; path = "RollingNoOne-ExtraBold.ttf"; sourceTree = "<group>"; };
		594C5B0A1CBA2BEA00273B75 /* Skipping_Stones.ttf */ = {isa = PBXFileReference; lastKnownFileType = file; path = Skipping_Stones.ttf; sourceTree = "<group>"; };
		594C5B0B1CBA2BEA00273B75 /* StencilStd.otf */ = {isa = PBXFileReference; lastKnownFileType = file; path = StencilStd.otf; sourceTree = "<group>"; };
		594C5B0C1CBA2BEA00273B75 /* Subway-Black.ttf */ = {isa = PBXFileReference; lastKnownFileType = file; path = "Subway-Black.ttf"; sourceTree = "<group>"; };
		594C5B0D1CBA2BEA00273B75 /* TobagoPoster.ttf */ = {isa = PBXFileReference; lastKnownFileType = file; path = TobagoPoster.ttf; sourceTree = "<group>"; };
		594C5B0E1CBA2BEA00273B75 /* TrashHand.ttf */ = {isa = PBXFileReference; lastKnownFileType = file; path = TrashHand.ttf; sourceTree = "<group>"; };
		594C5B0F1CBA2BEA00273B75 /* PrefixHeader.swift */ = {isa = PBXFileReference; fileEncoding = 4; lastKnownFileType = sourcecode.swift; path = PrefixHeader.swift; sourceTree = "<group>"; };
		594C5B101CBA2BEA00273B75 /* SettingsManager.swift */ = {isa = PBXFileReference; fileEncoding = 4; lastKnownFileType = sourcecode.swift; path = SettingsManager.swift; sourceTree = "<group>"; };
		594C5B111CBA2BEA00273B75 /* XTextAttributes.swift */ = {isa = PBXFileReference; fileEncoding = 4; lastKnownFileType = sourcecode.swift; path = XTextAttributes.swift; sourceTree = "<group>"; };
		594C5B311CBA2C5600273B75 /* FontTableViewController.swift */ = {isa = PBXFileReference; fileEncoding = 4; lastKnownFileType = sourcecode.swift; path = FontTableViewController.swift; sourceTree = "<group>"; };
		594C5B331CBA5C2A00273B75 /* settings.png */ = {isa = PBXFileReference; lastKnownFileType = image.png; path = settings.png; sourceTree = "<group>"; };
		59505D0B1CBE6BA400518E56 /* RowCountPickerTableViewController.swift */ = {isa = PBXFileReference; fileEncoding = 4; lastKnownFileType = sourcecode.swift; name = RowCountPickerTableViewController.swift; path = Controllers/RowCountPickerTableViewController.swift; sourceTree = "<group>"; };
		595E1CC61CBE21150061D270 /* AcknowledgementsTableViewController.swift */ = {isa = PBXFileReference; fileEncoding = 4; lastKnownFileType = sourcecode.swift; name = AcknowledgementsTableViewController.swift; path = Controllers/AcknowledgementsTableViewController.swift; sourceTree = "<group>"; };
		595E1CCB1CBE26620061D270 /* fontAck.json */ = {isa = PBXFileReference; fileEncoding = 4; lastKnownFileType = text.json; path = fontAck.json; sourceTree = "<group>"; };
		595E1CCC1CBE26620061D270 /* libsAck.json */ = {isa = PBXFileReference; fileEncoding = 4; lastKnownFileType = text.json; path = libsAck.json; sourceTree = "<group>"; };
		595E1CD01CBE29600061D270 /* quotes.json */ = {isa = PBXFileReference; fileEncoding = 4; lastKnownFileType = text.json; path = quotes.json; sourceTree = "<group>"; };
		596012AD1CBD4AA9001196F6 /* defaultMemes.dat */ = {isa = PBXFileReference; fileEncoding = 4; lastKnownFileType = text; path = defaultMemes.dat; sourceTree = "<group>"; };
		596012AE1CBD4AA9001196F6 /* defaultMemes.zip */ = {isa = PBXFileReference; lastKnownFileType = archive.zip; path = defaultMemes.zip; sourceTree = "<group>"; };
		597D74591CB3A4A1002C784B /* SettingsManager.swift */ = {isa = PBXFileReference; fileEncoding = 4; lastKnownFileType = sourcecode.swift; name = SettingsManager.swift; path = Model/SettingsManager.swift; sourceTree = "<group>"; };
		597D745B1CB43866002C784B /* Absender.ttf */ = {isa = PBXFileReference; lastKnownFileType = file; name = Absender.ttf; path = "Supporting Files/Fonts/Absender.ttf"; sourceTree = "<group>"; };
		597D745C1CB43866002C784B /* angelina.ttf */ = {isa = PBXFileReference; lastKnownFileType = file; name = angelina.ttf; path = "Supporting Files/Fonts/angelina.ttf"; sourceTree = "<group>"; };
		597D745D1CB43866002C784B /* Arabella.ttf */ = {isa = PBXFileReference; lastKnownFileType = file; name = Arabella.ttf; path = "Supporting Files/Fonts/Arabella.ttf"; sourceTree = "<group>"; };
		597D745E1CB43866002C784B /* Artbrush.ttf */ = {isa = PBXFileReference; lastKnownFileType = file; name = Artbrush.ttf; path = "Supporting Files/Fonts/Artbrush.ttf"; sourceTree = "<group>"; };
		597D745F1CB43866002C784B /* AvenirCondensedHand.ttf */ = {isa = PBXFileReference; lastKnownFileType = file; name = AvenirCondensedHand.ttf; path = "Supporting Files/Fonts/AvenirCondensedHand.ttf"; sourceTree = "<group>"; };
		597D74601CB43866002C784B /* Bolina.otf */ = {isa = PBXFileReference; lastKnownFileType = file; name = Bolina.otf; path = "Supporting Files/Fonts/Bolina.otf"; sourceTree = "<group>"; };
		597D74611CB43866002C784B /* daniel.ttf */ = {isa = PBXFileReference; lastKnownFileType = file; name = daniel.ttf; path = "Supporting Files/Fonts/daniel.ttf"; sourceTree = "<group>"; };
		597D74621CB43866002C784B /* Darkwoman.otf */ = {isa = PBXFileReference; lastKnownFileType = file; name = Darkwoman.otf; path = "Supporting Files/Fonts/Darkwoman.otf"; sourceTree = "<group>"; };
		597D74631CB43866002C784B /* EtelkaNarrowTextPro.otf */ = {isa = PBXFileReference; lastKnownFileType = file; name = EtelkaNarrowTextPro.otf; path = "Supporting Files/Fonts/EtelkaNarrowTextPro.otf"; sourceTree = "<group>"; };
		597D74641CB43866002C784B /* HoneyScript-Light.ttf */ = {isa = PBXFileReference; lastKnownFileType = file; name = "HoneyScript-Light.ttf"; path = "Supporting Files/Fonts/HoneyScript-Light.ttf"; sourceTree = "<group>"; };
		597D74651CB43866002C784B /* Impact.ttf */ = {isa = PBXFileReference; lastKnownFileType = file; name = Impact.ttf; path = "Supporting Files/Fonts/Impact.ttf"; sourceTree = "<group>"; };
		597D74661CB43866002C784B /* JennaSue.ttf */ = {isa = PBXFileReference; lastKnownFileType = file; name = JennaSue.ttf; path = "Supporting Files/Fonts/JennaSue.ttf"; sourceTree = "<group>"; };
		597D74671CB43866002C784B /* Karate.ttf */ = {isa = PBXFileReference; lastKnownFileType = file; name = Karate.ttf; path = "Supporting Files/Fonts/Karate.ttf"; sourceTree = "<group>"; };
		597D74681CB43866002C784B /* LeagueGothic-Italic.otf */ = {isa = PBXFileReference; lastKnownFileType = file; name = "LeagueGothic-Italic.otf"; path = "Supporting Files/Fonts/LeagueGothic-Italic.otf"; sourceTree = "<group>"; };
		597D74691CB43866002C784B /* LeagueGothic-Regular.otf */ = {isa = PBXFileReference; lastKnownFileType = file; name = "LeagueGothic-Regular.otf"; path = "Supporting Files/Fonts/LeagueGothic-Regular.otf"; sourceTree = "<group>"; };
		597D746A1CB43866002C784B /* LithosPro-Black.otf */ = {isa = PBXFileReference; lastKnownFileType = file; name = "LithosPro-Black.otf"; path = "Supporting Files/Fonts/LithosPro-Black.otf"; sourceTree = "<group>"; };
		597D746B1CB43866002C784B /* LouisaCP.otf */ = {isa = PBXFileReference; lastKnownFileType = file; name = LouisaCP.otf; path = "Supporting Files/Fonts/LouisaCP.otf"; sourceTree = "<group>"; };
		597D746C1CB43866002C784B /* MarketingScript.ttf */ = {isa = PBXFileReference; lastKnownFileType = file; name = MarketingScript.ttf; path = "Supporting Files/Fonts/MarketingScript.ttf"; sourceTree = "<group>"; };
		597D746D1CB43866002C784B /* PoplarStd.otf */ = {isa = PBXFileReference; lastKnownFileType = file; name = PoplarStd.otf; path = "Supporting Files/Fonts/PoplarStd.otf"; sourceTree = "<group>"; };
		597D746E1CB43866002C784B /* Prisma.ttf */ = {isa = PBXFileReference; lastKnownFileType = file; name = Prisma.ttf; path = "Supporting Files/Fonts/Prisma.ttf"; sourceTree = "<group>"; };
		597D746F1CB43866002C784B /* Righteous-Regular.ttf */ = {isa = PBXFileReference; lastKnownFileType = file; name = "Righteous-Regular.ttf"; path = "Supporting Files/Fonts/Righteous-Regular.ttf"; sourceTree = "<group>"; };
		597D74701CB43866002C784B /* RollingNoOne-ExtraBold.ttf */ = {isa = PBXFileReference; lastKnownFileType = file; name = "RollingNoOne-ExtraBold.ttf"; path = "Supporting Files/Fonts/RollingNoOne-ExtraBold.ttf"; sourceTree = "<group>"; };
		597D74711CB43866002C784B /* Skipping_Stones.ttf */ = {isa = PBXFileReference; lastKnownFileType = file; name = Skipping_Stones.ttf; path = "Supporting Files/Fonts/Skipping_Stones.ttf"; sourceTree = "<group>"; };
		597D74721CB43866002C784B /* StencilStd.otf */ = {isa = PBXFileReference; lastKnownFileType = file; name = StencilStd.otf; path = "Supporting Files/Fonts/StencilStd.otf"; sourceTree = "<group>"; };
		597D74731CB43866002C784B /* Subway-Black.ttf */ = {isa = PBXFileReference; lastKnownFileType = file; name = "Subway-Black.ttf"; path = "Supporting Files/Fonts/Subway-Black.ttf"; sourceTree = "<group>"; };
		597D74741CB43866002C784B /* TobagoPoster.ttf */ = {isa = PBXFileReference; lastKnownFileType = file; name = TobagoPoster.ttf; path = "Supporting Files/Fonts/TobagoPoster.ttf"; sourceTree = "<group>"; };
		597D74751CB43866002C784B /* TrashHand.ttf */ = {isa = PBXFileReference; lastKnownFileType = file; name = TrashHand.ttf; path = "Supporting Files/Fonts/TrashHand.ttf"; sourceTree = "<group>"; };
		59BC23B91CB7E2B8004D6673 /* XUserCreation+CoreDataProperties.swift */ = {isa = PBXFileReference; fileEncoding = 4; lastKnownFileType = sourcecode.swift; name = "XUserCreation+CoreDataProperties.swift"; path = "Model/XUserCreation+CoreDataProperties.swift"; sourceTree = "<group>"; };
		59BC23BA1CB7E2B8004D6673 /* XUserCreation.swift */ = {isa = PBXFileReference; fileEncoding = 4; lastKnownFileType = sourcecode.swift; name = XUserCreation.swift; path = Model/XUserCreation.swift; sourceTree = "<group>"; };
		59BC23BD1CB8BACE004D6673 /* CoreData.framework */ = {isa = PBXFileReference; lastKnownFileType = wrapper.framework; name = CoreData.framework; path = System/Library/Frameworks/CoreData.framework; sourceTree = SDKROOT; };
		59BC23BF1CB8F1E6004D6673 /* ViewerCollectionViewCell.swift */ = {isa = PBXFileReference; fileEncoding = 4; lastKnownFileType = sourcecode.swift; name = ViewerCollectionViewCell.swift; path = Views/ViewerCollectionViewCell.swift; sourceTree = "<group>"; };
		59D244AB1CBD2C7A00477A66 /* 01.jpg */ = {isa = PBXFileReference; lastKnownFileType = image.jpeg; path = 01.jpg; sourceTree = "<group>"; };
		59D244AC1CBD2C7A00477A66 /* 02.jpg */ = {isa = PBXFileReference; lastKnownFileType = image.jpeg; path = 02.jpg; sourceTree = "<group>"; };
		59D244AD1CBD2C7A00477A66 /* 03.jpg */ = {isa = PBXFileReference; lastKnownFileType = image.jpeg; path = 03.jpg; sourceTree = "<group>"; };
		59D244AE1CBD2C7A00477A66 /* 04.jpg */ = {isa = PBXFileReference; lastKnownFileType = image.jpeg; path = 04.jpg; sourceTree = "<group>"; };
		59ED09D81CBB7AE000817D4D /* theboldfont.ttf */ = {isa = PBXFileReference; lastKnownFileType = file; name = theboldfont.ttf; path = "Supporting Files/Fonts/theboldfont.ttf"; sourceTree = "<group>"; };
		59ED09D91CBB7AE000817D4D /* Roboto-Bold.ttf */ = {isa = PBXFileReference; lastKnownFileType = file; name = "Roboto-Bold.ttf"; path = "Supporting Files/Fonts/Roboto-Bold.ttf"; sourceTree = "<group>"; };
		59ED09DA1CBB7AE000817D4D /* Gravity-Book.otf */ = {isa = PBXFileReference; lastKnownFileType = file; name = "Gravity-Book.otf"; path = "Supporting Files/Fonts/Gravity-Book.otf"; sourceTree = "<group>"; };
		59ED09DB1CBB7AE000817D4D /* Existence-Light.ttf */ = {isa = PBXFileReference; lastKnownFileType = file; name = "Existence-Light.ttf"; path = "Supporting Files/Fonts/Existence-Light.ttf"; sourceTree = "<group>"; };
		59ED09DC1CBB7AE000817D4D /* CaviarDreams.ttf */ = {isa = PBXFileReference; lastKnownFileType = file; name = CaviarDreams.ttf; path = "Supporting Files/Fonts/CaviarDreams.ttf"; sourceTree = "<group>"; };
		59ED09E21CBB7AF900817D4D /* CaviarDreams.ttf */ = {isa = PBXFileReference; lastKnownFileType = file; path = CaviarDreams.ttf; sourceTree = "<group>"; };
		59ED09E31CBB7AF900817D4D /* Existence-Light.ttf */ = {isa = PBXFileReference; lastKnownFileType = file; path = "Existence-Light.ttf"; sourceTree = "<group>"; };
		59ED09E41CBB7AF900817D4D /* Gravity-Book.otf */ = {isa = PBXFileReference; lastKnownFileType = file; path = "Gravity-Book.otf"; sourceTree = "<group>"; };
		59ED09E51CBB7AF900817D4D /* Roboto-Bold.ttf */ = {isa = PBXFileReference; lastKnownFileType = file; path = "Roboto-Bold.ttf"; sourceTree = "<group>"; };
		59ED09E61CBB7AF900817D4D /* theboldfont.ttf */ = {isa = PBXFileReference; lastKnownFileType = file; path = theboldfont.ttf; sourceTree = "<group>"; };
		59EFF4C81CB4BB0000EE3D27 /* XTextAttributes.swift */ = {isa = PBXFileReference; fileEncoding = 4; lastKnownFileType = sourcecode.swift; name = XTextAttributes.swift; path = Model/XTextAttributes.swift; sourceTree = "<group>"; };
		59EFF4CA1CB4DF6400EE3D27 /* SwipableTextField.swift */ = {isa = PBXFileReference; fileEncoding = 4; lastKnownFileType = sourcecode.swift; name = SwipableTextField.swift; path = Views/SwipableTextField.swift; sourceTree = "<group>"; };
		59EFF4CD1CB5767C00EE3D27 /* FontTableViewController.swift */ = {isa = PBXFileReference; fileEncoding = 4; lastKnownFileType = sourcecode.swift; name = FontTableViewController.swift; path = Controllers/FontTableViewController.swift; sourceTree = "<group>"; };
		59EFF4CF1CB57C6700EE3D27 /* fonts.json */ = {isa = PBXFileReference; fileEncoding = 4; lastKnownFileType = text.json; name = fonts.json; path = "Supporting Files/Fonts/fonts.json"; sourceTree = "<group>"; };
		B2012CFA4C567A3C4E9C3225 /* Pods-Meme Maker.debug.xcconfig */ = {isa = PBXFileReference; includeInIndex = 1; lastKnownFileType = text.xcconfig; name = "Pods-Meme Maker.debug.xcconfig"; path = "Pods/Target Support Files/Pods-Meme Maker/Pods-Meme Maker.debug.xcconfig"; sourceTree = "<group>"; };
		B7BF1B13199885C07D1E7579 /* Pods_Photo_Meme.framework */ = {isa = PBXFileReference; explicitFileType = wrapper.framework; includeInIndex = 0; path = Pods_Photo_Meme.framework; sourceTree = BUILT_PRODUCTS_DIR; };
		C74F5119C288D20FD689A043 /* Pods-Photo Meme.release.xcconfig */ = {isa = PBXFileReference; includeInIndex = 1; lastKnownFileType = text.xcconfig; name = "Pods-Photo Meme.release.xcconfig"; path = "Pods/Target Support Files/Pods-Photo Meme/Pods-Photo Meme.release.xcconfig"; sourceTree = "<group>"; };
		D1E739797FDF36A4DE413DA6 /* Pods_Meme_Maker.framework */ = {isa = PBXFileReference; explicitFileType = wrapper.framework; includeInIndex = 0; path = Pods_Meme_Maker.framework; sourceTree = BUILT_PRODUCTS_DIR; };
		E731F34C267B577755D7DDA1 /* Pods-Meme Maker.release.xcconfig */ = {isa = PBXFileReference; includeInIndex = 1; lastKnownFileType = text.xcconfig; name = "Pods-Meme Maker.release.xcconfig"; path = "Pods/Target Support Files/Pods-Meme Maker/Pods-Meme Maker.release.xcconfig"; sourceTree = "<group>"; };
/* End PBXFileReference section */

/* Begin PBXFrameworksBuildPhase section */
		593B822A1CB222560073DC17 /* Frameworks */ = {
			isa = PBXFrameworksBuildPhase;
			buildActionMask = 2147483647;
			files = (
				59BC23BE1CB8BACE004D6673 /* CoreData.framework in Frameworks */,
				8BCF1B811523F871ECACFD0D /* Pods_Meme_Maker.framework in Frameworks */,
			);
			runOnlyForDeploymentPostprocessing = 0;
		};
		593B82411CB222570073DC17 /* Frameworks */ = {
			isa = PBXFrameworksBuildPhase;
			buildActionMask = 2147483647;
			files = (
			);
			runOnlyForDeploymentPostprocessing = 0;
		};
		593B824C1CB222570073DC17 /* Frameworks */ = {
			isa = PBXFrameworksBuildPhase;
			buildActionMask = 2147483647;
			files = (
			);
			runOnlyForDeploymentPostprocessing = 0;
		};
		594C5AD21CBA291700273B75 /* Frameworks */ = {
			isa = PBXFrameworksBuildPhase;
			buildActionMask = 2147483647;
			files = (
				594C5AD71CBA291700273B75 /* PhotosUI.framework in Frameworks */,
				594C5AD91CBA291700273B75 /* Photos.framework in Frameworks */,
				02A4845D9F7E842A74E53085 /* Pods_Photo_Meme.framework in Frameworks */,
			);
			runOnlyForDeploymentPostprocessing = 0;
		};
/* End PBXFrameworksBuildPhase section */

/* Begin PBXGroup section */
		365E587CA3596868D8F543FE /* Pods */ = {
			isa = PBXGroup;
			children = (
				B2012CFA4C567A3C4E9C3225 /* Pods-Meme Maker.debug.xcconfig */,
				E731F34C267B577755D7DDA1 /* Pods-Meme Maker.release.xcconfig */,
				1A1E74CE2FF0EB2F06D26630 /* Pods-Photo Meme.debug.xcconfig */,
				C74F5119C288D20FD689A043 /* Pods-Photo Meme.release.xcconfig */,
			);
			name = Pods;
			sourceTree = "<group>";
		};
		592293E71CB694D500219133 /* Labels */ = {
			isa = PBXGroup;
			children = (
				592293E81CB694DF00219133 /* UnderlinedLabel.swift */,
			);
			name = Labels;
			sourceTree = "<group>";
		};
		592293EA1CB6C34800219133 /* ImageViews */ = {
			isa = PBXGroup;
			children = (
				592293EB1CB6C35800219133 /* BlurredImageView.swift */,
			);
			name = ImageViews;
			sourceTree = "<group>";
		};
		593B82241CB222560073DC17 = {
			isa = PBXGroup;
			children = (
				593B822F1CB222560073DC17 /* Meme Maker */,
				593B82471CB222570073DC17 /* Meme MakerTests */,
				593B82521CB222570073DC17 /* Meme MakerUITests */,
				594C5ADA1CBA291700273B75 /* Photo Meme */,
				593B822E1CB222560073DC17 /* Products */,
				365E587CA3596868D8F543FE /* Pods */,
				E387C582D155737BA55B23FD /* Frameworks */,
			);
			sourceTree = "<group>";
		};
		593B822E1CB222560073DC17 /* Products */ = {
			isa = PBXGroup;
			children = (
				593B822D1CB222560073DC17 /* Meme Maker.app */,
				593B82441CB222570073DC17 /* Meme MakerTests.xctest */,
				593B824F1CB222570073DC17 /* Meme MakerUITests.xctest */,
				594C5AD51CBA291700273B75 /* Photo Meme.appex */,
			);
			name = Products;
			sourceTree = "<group>";
		};
		593B822F1CB222560073DC17 /* Meme Maker */ = {
			isa = PBXGroup;
			children = (
				593B823A1CB222560073DC17 /* Assets.xcassets */,
				593B82641CB222C70073DC17 /* App Delegate */,
				593B82631CB222C20073DC17 /* Model */,
				593B82621CB222BF0073DC17 /* Views */,
				593B82611CB222BA0073DC17 /* Controllers */,
				593B82661CB222ED0073DC17 /* Supporting Files */,
			);
			path = "Meme Maker";
			sourceTree = "<group>";
		};
		593B82471CB222570073DC17 /* Meme MakerTests */ = {
			isa = PBXGroup;
			children = (
				593B824A1CB222570073DC17 /* Info.plist */,
				593B82481CB222570073DC17 /* Meme_MakerTests.swift */,
			);
			path = "Meme MakerTests";
			sourceTree = "<group>";
		};
		593B82521CB222570073DC17 /* Meme MakerUITests */ = {
			isa = PBXGroup;
			children = (
				593B82531CB222570073DC17 /* Meme_MakerUITests.swift */,
				593B82551CB222570073DC17 /* Info.plist */,
			);
			path = "Meme MakerUITests";
			sourceTree = "<group>";
		};
		593B82611CB222BA0073DC17 /* Controllers */ = {
			isa = PBXGroup;
			children = (
				59505D111CBE6BC500518E56 /* Main */,
				59505D101CBE6BBF00518E56 /* Browse */,
				59505D0F1CBE6BB800518E56 /* My Memes */,
				59505D0E1CBE6BB000518E56 /* Editor */,
				59505D0D1CBE6BA800518E56 /* Settings */,
			);
			name = Controllers;
			sourceTree = "<group>";
		};
		593B82621CB222BF0073DC17 /* Views */ = {
			isa = PBXGroup;
			children = (
				592293EA1CB6C34800219133 /* ImageViews */,
				592293E71CB694D500219133 /* Labels */,
				59EFF4CC1CB4DF6700EE3D27 /* Swipable Text Field */,
				593B82891CB291060073DC17 /* Cells */,
				593B82651CB222DF0073DC17 /* Launch */,
				594C5AD01CBA0F0C00273B75 /* Walkthrough */,
				593B82341CB222560073DC17 /* Main.storyboard */,
			);
			name = Views;
			sourceTree = "<group>";
		};
		593B82631CB222C20073DC17 /* Model */ = {
			isa = PBXGroup;
			children = (
				59EFF4C71CB4BAD700EE3D27 /* TextAttributes */,
				597D74581CB3A48E002C784B /* SettingsManager */,
				593B82811CB24E0B0073DC17 /* Meme */,
				593B82801CB24E060073DC17 /* Created */,
				59BC23B41CB7E289004D6673 /* User Creation */,
				593B82371CB222560073DC17 /* Meme_Maker.xcdatamodeld */,
			);
			name = Model;
			sourceTree = "<group>";
		};
		593B82641CB222C70073DC17 /* App Delegate */ = {
			isa = PBXGroup;
			children = (
				593B82301CB222560073DC17 /* AppDelegate.swift */,
			);
			name = "App Delegate";
			sourceTree = "<group>";
		};
		593B82651CB222DF0073DC17 /* Launch */ = {
			isa = PBXGroup;
			children = (
				593B823C1CB222560073DC17 /* LaunchScreen.storyboard */,
			);
			name = Launch;
			sourceTree = "<group>";
		};
		593B82661CB222ED0073DC17 /* Supporting Files */ = {
			isa = PBXGroup;
			children = (
				595E1CCF1CBE29600061D270 /* Quotes */,
				595E1CCA1CBE26620061D270 /* Acknowledgements */,
				596012AC1CBD4AA9001196F6 /* Default */,
				59D244AA1CBD2C7A00477A66 /* Tutorial Images */,
				593B82821CB252A50073DC17 /* Global */,
				593B823F1CB222560073DC17 /* Info.plist */,
				593B82671CB222F30073DC17 /* Fonts */,
			);
			name = "Supporting Files";
			sourceTree = "<group>";
		};
		593B82671CB222F30073DC17 /* Fonts */ = {
			isa = PBXGroup;
			children = (
				59EFF4CF1CB57C6700EE3D27 /* fonts.json */,
				59ED09D81CBB7AE000817D4D /* theboldfont.ttf */,
				59ED09D91CBB7AE000817D4D /* Roboto-Bold.ttf */,
				59ED09DA1CBB7AE000817D4D /* Gravity-Book.otf */,
				59ED09DB1CBB7AE000817D4D /* Existence-Light.ttf */,
				59ED09DC1CBB7AE000817D4D /* CaviarDreams.ttf */,
				597D745B1CB43866002C784B /* Absender.ttf */,
				597D745C1CB43866002C784B /* angelina.ttf */,
				597D745D1CB43866002C784B /* Arabella.ttf */,
				597D745E1CB43866002C784B /* Artbrush.ttf */,
				597D745F1CB43866002C784B /* AvenirCondensedHand.ttf */,
				597D74601CB43866002C784B /* Bolina.otf */,
				597D74611CB43866002C784B /* daniel.ttf */,
				597D74621CB43866002C784B /* Darkwoman.otf */,
				597D74631CB43866002C784B /* EtelkaNarrowTextPro.otf */,
				597D74641CB43866002C784B /* HoneyScript-Light.ttf */,
				597D74651CB43866002C784B /* Impact.ttf */,
				597D74661CB43866002C784B /* JennaSue.ttf */,
				597D74671CB43866002C784B /* Karate.ttf */,
				597D74681CB43866002C784B /* LeagueGothic-Italic.otf */,
				597D74691CB43866002C784B /* LeagueGothic-Regular.otf */,
				597D746A1CB43866002C784B /* LithosPro-Black.otf */,
				597D746B1CB43866002C784B /* LouisaCP.otf */,
				597D746C1CB43866002C784B /* MarketingScript.ttf */,
				597D746D1CB43866002C784B /* PoplarStd.otf */,
				597D746E1CB43866002C784B /* Prisma.ttf */,
				597D746F1CB43866002C784B /* Righteous-Regular.ttf */,
				597D74701CB43866002C784B /* RollingNoOne-ExtraBold.ttf */,
				597D74711CB43866002C784B /* Skipping_Stones.ttf */,
				597D74721CB43866002C784B /* StencilStd.otf */,
				597D74731CB43866002C784B /* Subway-Black.ttf */,
				597D74741CB43866002C784B /* TobagoPoster.ttf */,
				597D74751CB43866002C784B /* TrashHand.ttf */,
			);
			name = Fonts;
			sourceTree = "<group>";
		};
		593B82801CB24E060073DC17 /* Created */ = {
			isa = PBXGroup;
			children = (
				593B82781CB24E000073DC17 /* XCreated+CoreDataProperties.swift */,
				593B82791CB24E000073DC17 /* XCreated.swift */,
			);
			name = Created;
			sourceTree = "<group>";
		};
		593B82811CB24E0B0073DC17 /* Meme */ = {
			isa = PBXGroup;
			children = (
				593B827A1CB24E000073DC17 /* XMeme+CoreDataProperties.swift */,
				593B827B1CB24E000073DC17 /* XMeme.swift */,
			);
			name = Meme;
			sourceTree = "<group>";
		};
		593B82821CB252A50073DC17 /* Global */ = {
			isa = PBXGroup;
			children = (
				593B82871CB287030073DC17 /* PrefixHeader.swift */,
			);
			name = Global;
			sourceTree = "<group>";
		};
		593B82891CB291060073DC17 /* Cells */ = {
			isa = PBXGroup;
			children = (
				593B828A1CB291510073DC17 /* MemesCollectionViewCell.swift */,
				592293E51CB6897600219133 /* FontsTableViewCell.swift */,
				59BC23BF1CB8F1E6004D6673 /* ViewerCollectionViewCell.swift */,
			);
			name = Cells;
			sourceTree = "<group>";
		};
		594C5AD01CBA0F0C00273B75 /* Walkthrough */ = {
			isa = PBXGroup;
			children = (
				594C5ACD1CBA0F0700273B75 /* Walkthrough.storyboard */,
			);
			name = Walkthrough;
			sourceTree = "<group>";
		};
		594C5ADA1CBA291700273B75 /* Photo Meme */ = {
			isa = PBXGroup;
			children = (
				594C5AF11CBA2BEA00273B75 /* Other */,
				594C5AE81CBA2B6600273B75 /* Views */,
				594C5ADB1CBA291700273B75 /* PhotoEditingViewController.swift */,
				594C5B311CBA2C5600273B75 /* FontTableViewController.swift */,
				594C5ADD1CBA291700273B75 /* MainInterface.storyboard */,
				594C5AE01CBA291700273B75 /* Info.plist */,
			);
			path = "Photo Meme";
			sourceTree = "<group>";
		};
		594C5AE81CBA2B6600273B75 /* Views */ = {
			isa = PBXGroup;
			children = (
				594C5AEF1CBA2BA400273B75 /* UnderlinedLabel.swift */,
				594C5AE91CBA2B6600273B75 /* BlurredImageView.swift */,
				594C5AEA1CBA2B6600273B75 /* FontsTableViewCell.swift */,
				594C5AEB1CBA2B6600273B75 /* SwipableTextField.swift */,
			);
			path = Views;
			sourceTree = "<group>";
		};
		594C5AF11CBA2BEA00273B75 /* Other */ = {
			isa = PBXGroup;
			children = (
				594C5AF21CBA2BEA00273B75 /* Fonts */,
				594C5B331CBA5C2A00273B75 /* settings.png */,
				594C5B0F1CBA2BEA00273B75 /* PrefixHeader.swift */,
				594C5B101CBA2BEA00273B75 /* SettingsManager.swift */,
				594C5B111CBA2BEA00273B75 /* XTextAttributes.swift */,
			);
			path = Other;
			sourceTree = "<group>";
		};
		594C5AF21CBA2BEA00273B75 /* Fonts */ = {
			isa = PBXGroup;
			children = (
				59ED09E21CBB7AF900817D4D /* CaviarDreams.ttf */,
				59ED09E31CBB7AF900817D4D /* Existence-Light.ttf */,
				59ED09E41CBB7AF900817D4D /* Gravity-Book.otf */,
				59ED09E51CBB7AF900817D4D /* Roboto-Bold.ttf */,
				59ED09E61CBB7AF900817D4D /* theboldfont.ttf */,
				594C5AF31CBA2BEA00273B75 /* Absender.ttf */,
				594C5AF41CBA2BEA00273B75 /* angelina.ttf */,
				594C5AF51CBA2BEA00273B75 /* Arabella.ttf */,
				594C5AF61CBA2BEA00273B75 /* Artbrush.ttf */,
				594C5AF71CBA2BEA00273B75 /* AvenirCondensedHand.ttf */,
				594C5AF81CBA2BEA00273B75 /* Bolina.otf */,
				594C5AF91CBA2BEA00273B75 /* daniel.ttf */,
				594C5AFA1CBA2BEA00273B75 /* Darkwoman.otf */,
				594C5AFB1CBA2BEA00273B75 /* EtelkaNarrowTextPro.otf */,
				594C5AFC1CBA2BEA00273B75 /* fonts.json */,
				594C5AFD1CBA2BEA00273B75 /* HoneyScript-Light.ttf */,
				594C5AFE1CBA2BEA00273B75 /* Impact.ttf */,
				594C5AFF1CBA2BEA00273B75 /* JennaSue.ttf */,
				594C5B001CBA2BEA00273B75 /* Karate.ttf */,
				594C5B011CBA2BEA00273B75 /* LeagueGothic-Italic.otf */,
				594C5B021CBA2BEA00273B75 /* LeagueGothic-Regular.otf */,
				594C5B031CBA2BEA00273B75 /* LithosPro-Black.otf */,
				594C5B041CBA2BEA00273B75 /* LouisaCP.otf */,
				594C5B051CBA2BEA00273B75 /* MarketingScript.ttf */,
				594C5B061CBA2BEA00273B75 /* PoplarStd.otf */,
				594C5B071CBA2BEA00273B75 /* Prisma.ttf */,
				594C5B081CBA2BEA00273B75 /* Righteous-Regular.ttf */,
				594C5B091CBA2BEA00273B75 /* RollingNoOne-ExtraBold.ttf */,
				594C5B0A1CBA2BEA00273B75 /* Skipping_Stones.ttf */,
				594C5B0B1CBA2BEA00273B75 /* StencilStd.otf */,
				594C5B0C1CBA2BEA00273B75 /* Subway-Black.ttf */,
				594C5B0D1CBA2BEA00273B75 /* TobagoPoster.ttf */,
				594C5B0E1CBA2BEA00273B75 /* TrashHand.ttf */,
			);
			path = Fonts;
			sourceTree = "<group>";
		};
		59505D0D1CBE6BA800518E56 /* Settings */ = {
			isa = PBXGroup;
			children = (
				593B82701CB22B210073DC17 /* SettingsTableViewController.swift */,
				595E1CC61CBE21150061D270 /* AcknowledgementsTableViewController.swift */,
				59505D0B1CBE6BA400518E56 /* RowCountPickerTableViewController.swift */,
			);
			name = Settings;
			sourceTree = "<group>";
		};
		59505D0E1CBE6BB000518E56 /* Editor */ = {
			isa = PBXGroup;
			children = (
				593B82761CB22CC80073DC17 /* EditorViewController.swift */,
				59EFF4CD1CB5767C00EE3D27 /* FontTableViewController.swift */,
			);
			name = Editor;
			sourceTree = "<group>";
		};
		59505D0F1CBE6BB800518E56 /* My Memes */ = {
			isa = PBXGroup;
			children = (
				593B82741CB22B380073DC17 /* MyMemesViewController.swift */,
			);
			name = "My Memes";
			sourceTree = "<group>";
		};
		59505D101CBE6BBF00518E56 /* Browse */ = {
			isa = PBXGroup;
			children = (
				593B82721CB22B2E0073DC17 /* BrowseViewController.swift */,
			);
			name = Browse;
			sourceTree = "<group>";
		};
		59505D111CBE6BC500518E56 /* Main */ = {
			isa = PBXGroup;
			children = (
				593B82681CB22AB90073DC17 /* MemesViewController.swift */,
			);
			name = Main;
			sourceTree = "<group>";
		};
		595E1CCA1CBE26620061D270 /* Acknowledgements */ = {
			isa = PBXGroup;
			children = (
				595E1CCB1CBE26620061D270 /* fontAck.json */,
				595E1CCC1CBE26620061D270 /* libsAck.json */,
			);
			name = Acknowledgements;
			path = "Supporting Files/Acknowledgements";
			sourceTree = "<group>";
		};
		595E1CCF1CBE29600061D270 /* Quotes */ = {
			isa = PBXGroup;
			children = (
				595E1CD01CBE29600061D270 /* quotes.json */,
			);
			name = Quotes;
			path = "Supporting Files/Quotes";
			sourceTree = "<group>";
		};
		596012AC1CBD4AA9001196F6 /* Default */ = {
			isa = PBXGroup;
			children = (
				596012AD1CBD4AA9001196F6 /* defaultMemes.dat */,
				596012AE1CBD4AA9001196F6 /* defaultMemes.zip */,
			);
			name = Default;
			path = "Supporting Files/Default";
			sourceTree = "<group>";
		};
		597D74581CB3A48E002C784B /* SettingsManager */ = {
			isa = PBXGroup;
			children = (
				597D74591CB3A4A1002C784B /* SettingsManager.swift */,
			);
			name = SettingsManager;
			sourceTree = "<group>";
		};
		59BC23B41CB7E289004D6673 /* User Creation */ = {
			isa = PBXGroup;
			children = (
				59BC23B91CB7E2B8004D6673 /* XUserCreation+CoreDataProperties.swift */,
				59BC23BA1CB7E2B8004D6673 /* XUserCreation.swift */,
			);
			name = "User Creation";
			sourceTree = "<group>";
		};
		59D244AA1CBD2C7A00477A66 /* Tutorial Images */ = {
			isa = PBXGroup;
			children = (
				59D244AB1CBD2C7A00477A66 /* 01.jpg */,
				59D244AC1CBD2C7A00477A66 /* 02.jpg */,
				59D244AD1CBD2C7A00477A66 /* 03.jpg */,
				59D244AE1CBD2C7A00477A66 /* 04.jpg */,
			);
			name = "Tutorial Images";
			path = "Supporting Files/Tutorial Images";
			sourceTree = "<group>";
		};
		59EFF4C71CB4BAD700EE3D27 /* TextAttributes */ = {
			isa = PBXGroup;
			children = (
				59EFF4C81CB4BB0000EE3D27 /* XTextAttributes.swift */,
			);
			name = TextAttributes;
			sourceTree = "<group>";
		};
		59EFF4CC1CB4DF6700EE3D27 /* Swipable Text Field */ = {
			isa = PBXGroup;
			children = (
				59EFF4CA1CB4DF6400EE3D27 /* SwipableTextField.swift */,
			);
			name = "Swipable Text Field";
			sourceTree = "<group>";
		};
		E387C582D155737BA55B23FD /* Frameworks */ = {
			isa = PBXGroup;
			children = (
				59BC23BD1CB8BACE004D6673 /* CoreData.framework */,
				D1E739797FDF36A4DE413DA6 /* Pods_Meme_Maker.framework */,
				594C5AD61CBA291700273B75 /* PhotosUI.framework */,
				594C5AD81CBA291700273B75 /* Photos.framework */,
				B7BF1B13199885C07D1E7579 /* Pods_Photo_Meme.framework */,
			);
			name = Frameworks;
			sourceTree = "<group>";
		};
/* End PBXGroup section */

/* Begin PBXNativeTarget section */
		593B822C1CB222560073DC17 /* Meme Maker */ = {
			isa = PBXNativeTarget;
			buildConfigurationList = 593B82581CB222570073DC17 /* Build configuration list for PBXNativeTarget "Meme Maker" */;
			buildPhases = (
				20985CF8EF5E1831AFCC8FC5 /* Check Pods Manifest.lock */,
				593B82291CB222560073DC17 /* Sources */,
				593B822A1CB222560073DC17 /* Frameworks */,
				593B822B1CB222560073DC17 /* Resources */,
				DA22D0AF047B6977159111E9 /* Embed Pods Frameworks */,
				EBD458441C4FE4E3F0F20DED /* Copy Pods Resources */,
				594C5AE71CBA291700273B75 /* Embed App Extensions */,
			);
			buildRules = (
			);
			dependencies = (
				594C5AE21CBA291700273B75 /* PBXTargetDependency */,
			);
			name = "Meme Maker";
			productName = "Meme Maker";
			productReference = 593B822D1CB222560073DC17 /* Meme Maker.app */;
			productType = "com.apple.product-type.application";
		};
		593B82431CB222570073DC17 /* Meme MakerTests */ = {
			isa = PBXNativeTarget;
			buildConfigurationList = 593B825B1CB222570073DC17 /* Build configuration list for PBXNativeTarget "Meme MakerTests" */;
			buildPhases = (
				593B82401CB222570073DC17 /* Sources */,
				593B82411CB222570073DC17 /* Frameworks */,
				593B82421CB222570073DC17 /* Resources */,
			);
			buildRules = (
			);
			dependencies = (
				593B82461CB222570073DC17 /* PBXTargetDependency */,
			);
			name = "Meme MakerTests";
			productName = "Meme MakerTests";
			productReference = 593B82441CB222570073DC17 /* Meme MakerTests.xctest */;
			productType = "com.apple.product-type.bundle.unit-test";
		};
		593B824E1CB222570073DC17 /* Meme MakerUITests */ = {
			isa = PBXNativeTarget;
			buildConfigurationList = 593B825E1CB222570073DC17 /* Build configuration list for PBXNativeTarget "Meme MakerUITests" */;
			buildPhases = (
				593B824B1CB222570073DC17 /* Sources */,
				593B824C1CB222570073DC17 /* Frameworks */,
				593B824D1CB222570073DC17 /* Resources */,
			);
			buildRules = (
			);
			dependencies = (
				593B82511CB222570073DC17 /* PBXTargetDependency */,
			);
			name = "Meme MakerUITests";
			productName = "Meme MakerUITests";
			productReference = 593B824F1CB222570073DC17 /* Meme MakerUITests.xctest */;
			productType = "com.apple.product-type.bundle.ui-testing";
		};
		594C5AD41CBA291700273B75 /* Photo Meme */ = {
			isa = PBXNativeTarget;
			buildConfigurationList = 594C5AE61CBA291700273B75 /* Build configuration list for PBXNativeTarget "Photo Meme" */;
			buildPhases = (
				17805A606A17FD4636D0E032 /* Check Pods Manifest.lock */,
				594C5AD11CBA291700273B75 /* Sources */,
				594C5AD21CBA291700273B75 /* Frameworks */,
				594C5AD31CBA291700273B75 /* Resources */,
				25DF778621606DC84D2B6124 /* Embed Pods Frameworks */,
				B3E76D14DA59A85A60484B94 /* Copy Pods Resources */,
			);
			buildRules = (
			);
			dependencies = (
			);
			name = "Photo Meme";
			productName = "Photo Meme";
			productReference = 594C5AD51CBA291700273B75 /* Photo Meme.appex */;
			productType = "com.apple.product-type.app-extension";
		};
/* End PBXNativeTarget section */

/* Begin PBXProject section */
		593B82251CB222560073DC17 /* Project object */ = {
			isa = PBXProject;
			attributes = {
				LastSwiftUpdateCheck = 0730;
				LastUpgradeCheck = 0730;
				ORGANIZATIONNAME = avikantz;
				TargetAttributes = {
					593B822C1CB222560073DC17 = {
						CreatedOnToolsVersion = 7.3;
						DevelopmentTeam = HN3SCP8A52;
					};
					593B82431CB222570073DC17 = {
						CreatedOnToolsVersion = 7.3;
						TestTargetID = 593B822C1CB222560073DC17;
					};
					593B824E1CB222570073DC17 = {
						CreatedOnToolsVersion = 7.3;
						TestTargetID = 593B822C1CB222560073DC17;
					};
					594C5AD41CBA291700273B75 = {
						CreatedOnToolsVersion = 7.3;
						DevelopmentTeam = HN3SCP8A52;
					};
				};
			};
			buildConfigurationList = 593B82281CB222560073DC17 /* Build configuration list for PBXProject "Meme Maker" */;
			compatibilityVersion = "Xcode 3.2";
			developmentRegion = English;
			hasScannedForEncodings = 0;
			knownRegions = (
				en,
				Base,
			);
			mainGroup = 593B82241CB222560073DC17;
			productRefGroup = 593B822E1CB222560073DC17 /* Products */;
			projectDirPath = "";
			projectRoot = "";
			targets = (
				593B822C1CB222560073DC17 /* Meme Maker */,
				593B82431CB222570073DC17 /* Meme MakerTests */,
				593B824E1CB222570073DC17 /* Meme MakerUITests */,
				594C5AD41CBA291700273B75 /* Photo Meme */,
			);
		};
/* End PBXProject section */

/* Begin PBXResourcesBuildPhase section */
		593B822B1CB222560073DC17 /* Resources */ = {
			isa = PBXResourcesBuildPhase;
			buildActionMask = 2147483647;
			files = (
				59D244B11CBD2C7A00477A66 /* 03.jpg in Resources */,
				59ED09DF1CBB7AE000817D4D /* Gravity-Book.otf in Resources */,
				595E1CCD1CBE26620061D270 /* fontAck.json in Resources */,
				597D74901CB43866002C784B /* TrashHand.ttf in Resources */,
				597D74781CB43866002C784B /* Arabella.ttf in Resources */,
				59EFF4D01CB57C6700EE3D27 /* fonts.json in Resources */,
				597D748D1CB43866002C784B /* StencilStd.otf in Resources */,
				597D747D1CB43866002C784B /* Darkwoman.otf in Resources */,
				597D74761CB43866002C784B /* Absender.ttf in Resources */,
				59ED09DE1CBB7AE000817D4D /* Roboto-Bold.ttf in Resources */,
				597D748F1CB43866002C784B /* TobagoPoster.ttf in Resources */,
				597D747E1CB43866002C784B /* EtelkaNarrowTextPro.otf in Resources */,
				593B823E1CB222560073DC17 /* LaunchScreen.storyboard in Resources */,
				597D74811CB43866002C784B /* JennaSue.ttf in Resources */,
				595E1CD11CBE29600061D270 /* quotes.json in Resources */,
				597D747C1CB43866002C784B /* daniel.ttf in Resources */,
				59D244B01CBD2C7A00477A66 /* 02.jpg in Resources */,
				596012AF1CBD4AA9001196F6 /* defaultMemes.dat in Resources */,
				597D74871CB43866002C784B /* MarketingScript.ttf in Resources */,
				597D74801CB43866002C784B /* Impact.ttf in Resources */,
				597D74851CB43866002C784B /* LithosPro-Black.otf in Resources */,
				59ED09E01CBB7AE000817D4D /* Existence-Light.ttf in Resources */,
				597D748A1CB43866002C784B /* Righteous-Regular.ttf in Resources */,
				59D244AF1CBD2C7A00477A66 /* 01.jpg in Resources */,
				59ED09E11CBB7AE000817D4D /* CaviarDreams.ttf in Resources */,
				597D747B1CB43866002C784B /* Bolina.otf in Resources */,
				593B823B1CB222560073DC17 /* Assets.xcassets in Resources */,
				595E1CCE1CBE26620061D270 /* libsAck.json in Resources */,
				597D74861CB43866002C784B /* LouisaCP.otf in Resources */,
				59ED09DD1CBB7AE000817D4D /* theboldfont.ttf in Resources */,
				597D74891CB43866002C784B /* Prisma.ttf in Resources */,
				597D748C1CB43866002C784B /* Skipping_Stones.ttf in Resources */,
				597D748E1CB43866002C784B /* Subway-Black.ttf in Resources */,
				597D74881CB43866002C784B /* PoplarStd.otf in Resources */,
				597D74791CB43866002C784B /* Artbrush.ttf in Resources */,
				597D74841CB43866002C784B /* LeagueGothic-Regular.otf in Resources */,
				597D748B1CB43866002C784B /* RollingNoOne-ExtraBold.ttf in Resources */,
				597D74771CB43866002C784B /* angelina.ttf in Resources */,
				59D244B21CBD2C7A00477A66 /* 04.jpg in Resources */,
				597D74831CB43866002C784B /* LeagueGothic-Italic.otf in Resources */,
				597D747F1CB43866002C784B /* HoneyScript-Light.ttf in Resources */,
				597D747A1CB43866002C784B /* AvenirCondensedHand.ttf in Resources */,
				594C5ACF1CBA0F0700273B75 /* Walkthrough.storyboard in Resources */,
				597D74821CB43866002C784B /* Karate.ttf in Resources */,
				593B82361CB222560073DC17 /* Main.storyboard in Resources */,
				596012B01CBD4AA9001196F6 /* defaultMemes.zip in Resources */,
			);
			runOnlyForDeploymentPostprocessing = 0;
		};
		593B82421CB222570073DC17 /* Resources */ = {
			isa = PBXResourcesBuildPhase;
			buildActionMask = 2147483647;
			files = (
			);
			runOnlyForDeploymentPostprocessing = 0;
		};
		593B824D1CB222570073DC17 /* Resources */ = {
			isa = PBXResourcesBuildPhase;
			buildActionMask = 2147483647;
			files = (
			);
			runOnlyForDeploymentPostprocessing = 0;
		};
		594C5AD31CBA291700273B75 /* Resources */ = {
			isa = PBXResourcesBuildPhase;
			buildActionMask = 2147483647;
			files = (
				594C5B171CBA2BEA00273B75 /* Bolina.otf in Resources */,
				594C5B161CBA2BEA00273B75 /* AvenirCondensedHand.ttf in Resources */,
				594C5B2A1CBA2BEA00273B75 /* StencilStd.otf in Resources */,
				594C5B201CBA2BEA00273B75 /* LeagueGothic-Italic.otf in Resources */,
				594C5B231CBA2BEA00273B75 /* LouisaCP.otf in Resources */,
				594C5B1B1CBA2BEA00273B75 /* fonts.json in Resources */,
				59ED09EA1CBB7AF900817D4D /* Roboto-Bold.ttf in Resources */,
				59ED09E91CBB7AF900817D4D /* Gravity-Book.otf in Resources */,
				594C5B341CBA5C2A00273B75 /* settings.png in Resources */,
				594C5B221CBA2BEA00273B75 /* LithosPro-Black.otf in Resources */,
				594C5B2B1CBA2BEA00273B75 /* Subway-Black.ttf in Resources */,
				594C5B241CBA2BEA00273B75 /* MarketingScript.ttf in Resources */,
				594C5B211CBA2BEA00273B75 /* LeagueGothic-Regular.otf in Resources */,
				594C5B261CBA2BEA00273B75 /* Prisma.ttf in Resources */,
				594C5B2D1CBA2BEA00273B75 /* TrashHand.ttf in Resources */,
				594C5B141CBA2BEA00273B75 /* Arabella.ttf in Resources */,
				594C5B181CBA2BEA00273B75 /* daniel.ttf in Resources */,
				594C5B1F1CBA2BEA00273B75 /* Karate.ttf in Resources */,
				594C5B1E1CBA2BEA00273B75 /* JennaSue.ttf in Resources */,
				594C5B121CBA2BEA00273B75 /* Absender.ttf in Resources */,
				594C5B281CBA2BEA00273B75 /* RollingNoOne-ExtraBold.ttf in Resources */,
				594C5B2C1CBA2BEA00273B75 /* TobagoPoster.ttf in Resources */,
				594C5B1C1CBA2BEA00273B75 /* HoneyScript-Light.ttf in Resources */,
				594C5B131CBA2BEA00273B75 /* angelina.ttf in Resources */,
				594C5B191CBA2BEA00273B75 /* Darkwoman.otf in Resources */,
				594C5B1D1CBA2BEA00273B75 /* Impact.ttf in Resources */,
				594C5B1A1CBA2BEA00273B75 /* EtelkaNarrowTextPro.otf in Resources */,
				594C5B151CBA2BEA00273B75 /* Artbrush.ttf in Resources */,
				59ED09E71CBB7AF900817D4D /* CaviarDreams.ttf in Resources */,
				594C5B271CBA2BEA00273B75 /* Righteous-Regular.ttf in Resources */,
				59ED09E81CBB7AF900817D4D /* Existence-Light.ttf in Resources */,
				594C5B291CBA2BEA00273B75 /* Skipping_Stones.ttf in Resources */,
				594C5ADF1CBA291700273B75 /* MainInterface.storyboard in Resources */,
				594C5B251CBA2BEA00273B75 /* PoplarStd.otf in Resources */,
				59ED09EB1CBB7AF900817D4D /* theboldfont.ttf in Resources */,
			);
			runOnlyForDeploymentPostprocessing = 0;
		};
/* End PBXResourcesBuildPhase section */

/* Begin PBXShellScriptBuildPhase section */
		17805A606A17FD4636D0E032 /* Check Pods Manifest.lock */ = {
			isa = PBXShellScriptBuildPhase;
			buildActionMask = 2147483647;
			files = (
			);
			inputPaths = (
			);
			name = "Check Pods Manifest.lock";
			outputPaths = (
			);
			runOnlyForDeploymentPostprocessing = 0;
			shellPath = /bin/sh;
			shellScript = "diff \"${PODS_ROOT}/../Podfile.lock\" \"${PODS_ROOT}/Manifest.lock\" > /dev/null\nif [[ $? != 0 ]] ; then\n    cat << EOM\nerror: The sandbox is not in sync with the Podfile.lock. Run 'pod install' or update your CocoaPods installation.\nEOM\n    exit 1\nfi\n";
			showEnvVarsInLog = 0;
		};
		20985CF8EF5E1831AFCC8FC5 /* Check Pods Manifest.lock */ = {
			isa = PBXShellScriptBuildPhase;
			buildActionMask = 2147483647;
			files = (
			);
			inputPaths = (
			);
			name = "Check Pods Manifest.lock";
			outputPaths = (
			);
			runOnlyForDeploymentPostprocessing = 0;
			shellPath = /bin/sh;
			shellScript = "diff \"${PODS_ROOT}/../Podfile.lock\" \"${PODS_ROOT}/Manifest.lock\" > /dev/null\nif [[ $? != 0 ]] ; then\n    cat << EOM\nerror: The sandbox is not in sync with the Podfile.lock. Run 'pod install' or update your CocoaPods installation.\nEOM\n    exit 1\nfi\n";
			showEnvVarsInLog = 0;
		};
		25DF778621606DC84D2B6124 /* Embed Pods Frameworks */ = {
			isa = PBXShellScriptBuildPhase;
			buildActionMask = 2147483647;
			files = (
			);
			inputPaths = (
			);
			name = "Embed Pods Frameworks";
			outputPaths = (
			);
			runOnlyForDeploymentPostprocessing = 0;
			shellPath = /bin/sh;
			shellScript = "\"${SRCROOT}/Pods/Target Support Files/Pods-Photo Meme/Pods-Photo Meme-frameworks.sh\"\n";
			showEnvVarsInLog = 0;
		};
		B3E76D14DA59A85A60484B94 /* Copy Pods Resources */ = {
			isa = PBXShellScriptBuildPhase;
			buildActionMask = 2147483647;
			files = (
			);
			inputPaths = (
			);
			name = "Copy Pods Resources";
			outputPaths = (
			);
			runOnlyForDeploymentPostprocessing = 0;
			shellPath = /bin/sh;
			shellScript = "\"${SRCROOT}/Pods/Target Support Files/Pods-Photo Meme/Pods-Photo Meme-resources.sh\"\n";
			showEnvVarsInLog = 0;
		};
		DA22D0AF047B6977159111E9 /* Embed Pods Frameworks */ = {
			isa = PBXShellScriptBuildPhase;
			buildActionMask = 2147483647;
			files = (
			);
			inputPaths = (
			);
			name = "Embed Pods Frameworks";
			outputPaths = (
			);
			runOnlyForDeploymentPostprocessing = 0;
			shellPath = /bin/sh;
			shellScript = "\"${SRCROOT}/Pods/Target Support Files/Pods-Meme Maker/Pods-Meme Maker-frameworks.sh\"\n";
			showEnvVarsInLog = 0;
		};
		EBD458441C4FE4E3F0F20DED /* Copy Pods Resources */ = {
			isa = PBXShellScriptBuildPhase;
			buildActionMask = 2147483647;
			files = (
			);
			inputPaths = (
			);
			name = "Copy Pods Resources";
			outputPaths = (
			);
			runOnlyForDeploymentPostprocessing = 0;
			shellPath = /bin/sh;
			shellScript = "\"${SRCROOT}/Pods/Target Support Files/Pods-Meme Maker/Pods-Meme Maker-resources.sh\"\n";
			showEnvVarsInLog = 0;
		};
/* End PBXShellScriptBuildPhase section */

/* Begin PBXSourcesBuildPhase section */
		593B82291CB222560073DC17 /* Sources */ = {
			isa = PBXSourcesBuildPhase;
			buildActionMask = 2147483647;
			files = (
				593B82881CB287030073DC17 /* PrefixHeader.swift in Sources */,
				593B82711CB22B210073DC17 /* SettingsTableViewController.swift in Sources */,
				59BC23BB1CB7E2B8004D6673 /* XUserCreation+CoreDataProperties.swift in Sources */,
				59EFF4CB1CB4DF6400EE3D27 /* SwipableTextField.swift in Sources */,
				593B828B1CB291510073DC17 /* MemesCollectionViewCell.swift in Sources */,
				593B82311CB222560073DC17 /* AppDelegate.swift in Sources */,
				593B82751CB22B380073DC17 /* MyMemesViewController.swift in Sources */,
				59BC23C01CB8F1E6004D6673 /* ViewerCollectionViewCell.swift in Sources */,
				593B82691CB22AB90073DC17 /* MemesViewController.swift in Sources */,
				592293E91CB694DF00219133 /* UnderlinedLabel.swift in Sources */,
				593B82391CB222560073DC17 /* Meme_Maker.xcdatamodeld in Sources */,
				593B827C1CB24E000073DC17 /* XCreated+CoreDataProperties.swift in Sources */,
				59EFF4CE1CB5767C00EE3D27 /* FontTableViewController.swift in Sources */,
				59EFF4C91CB4BB0000EE3D27 /* XTextAttributes.swift in Sources */,
				595E1CC71CBE21150061D270 /* AcknowledgementsTableViewController.swift in Sources */,
				593B82731CB22B2E0073DC17 /* BrowseViewController.swift in Sources */,
				593B827D1CB24E000073DC17 /* XCreated.swift in Sources */,
				597D745A1CB3A4A1002C784B /* SettingsManager.swift in Sources */,
				592293EC1CB6C35800219133 /* BlurredImageView.swift in Sources */,
				593B827E1CB24E000073DC17 /* XMeme+CoreDataProperties.swift in Sources */,
				59BC23BC1CB7E2B8004D6673 /* XUserCreation.swift in Sources */,
				593B82771CB22CC80073DC17 /* EditorViewController.swift in Sources */,
				59505D0C1CBE6BA400518E56 /* RowCountPickerTableViewController.swift in Sources */,
				592293E61CB6897600219133 /* FontsTableViewCell.swift in Sources */,
				593B827F1CB24E000073DC17 /* XMeme.swift in Sources */,
			);
			runOnlyForDeploymentPostprocessing = 0;
		};
		593B82401CB222570073DC17 /* Sources */ = {
			isa = PBXSourcesBuildPhase;
			buildActionMask = 2147483647;
			files = (
				593B82491CB222570073DC17 /* Meme_MakerTests.swift in Sources */,
			);
			runOnlyForDeploymentPostprocessing = 0;
		};
		593B824B1CB222570073DC17 /* Sources */ = {
			isa = PBXSourcesBuildPhase;
			buildActionMask = 2147483647;
			files = (
				593B82541CB222570073DC17 /* Meme_MakerUITests.swift in Sources */,
			);
			runOnlyForDeploymentPostprocessing = 0;
		};
		594C5AD11CBA291700273B75 /* Sources */ = {
			isa = PBXSourcesBuildPhase;
			buildActionMask = 2147483647;
			files = (
				594C5B2E1CBA2BEA00273B75 /* PrefixHeader.swift in Sources */,
				594C5ADC1CBA291700273B75 /* PhotoEditingViewController.swift in Sources */,
				594C5AED1CBA2B6600273B75 /* FontsTableViewCell.swift in Sources */,
				594C5B2F1CBA2BEA00273B75 /* SettingsManager.swift in Sources */,
				594C5B301CBA2BEA00273B75 /* XTextAttributes.swift in Sources */,
				594C5AEE1CBA2B6600273B75 /* SwipableTextField.swift in Sources */,
				594C5B321CBA2C5600273B75 /* FontTableViewController.swift in Sources */,
				594C5AEC1CBA2B6600273B75 /* BlurredImageView.swift in Sources */,
				594C5AF01CBA2BA400273B75 /* UnderlinedLabel.swift in Sources */,
			);
			runOnlyForDeploymentPostprocessing = 0;
		};
/* End PBXSourcesBuildPhase section */

/* Begin PBXTargetDependency section */
		593B82461CB222570073DC17 /* PBXTargetDependency */ = {
			isa = PBXTargetDependency;
			target = 593B822C1CB222560073DC17 /* Meme Maker */;
			targetProxy = 593B82451CB222570073DC17 /* PBXContainerItemProxy */;
		};
		593B82511CB222570073DC17 /* PBXTargetDependency */ = {
			isa = PBXTargetDependency;
			target = 593B822C1CB222560073DC17 /* Meme Maker */;
			targetProxy = 593B82501CB222570073DC17 /* PBXContainerItemProxy */;
		};
		594C5AE21CBA291700273B75 /* PBXTargetDependency */ = {
			isa = PBXTargetDependency;
			target = 594C5AD41CBA291700273B75 /* Photo Meme */;
			targetProxy = 594C5AE11CBA291700273B75 /* PBXContainerItemProxy */;
		};
/* End PBXTargetDependency section */

/* Begin PBXVariantGroup section */
		593B82341CB222560073DC17 /* Main.storyboard */ = {
			isa = PBXVariantGroup;
			children = (
				593B82351CB222560073DC17 /* Base */,
			);
			name = Main.storyboard;
			sourceTree = "<group>";
		};
		593B823C1CB222560073DC17 /* LaunchScreen.storyboard */ = {
			isa = PBXVariantGroup;
			children = (
				593B823D1CB222560073DC17 /* Base */,
			);
			name = LaunchScreen.storyboard;
			sourceTree = "<group>";
		};
		594C5ACD1CBA0F0700273B75 /* Walkthrough.storyboard */ = {
			isa = PBXVariantGroup;
			children = (
				594C5ACE1CBA0F0700273B75 /* Base */,
			);
			name = Walkthrough.storyboard;
			sourceTree = "<group>";
		};
		594C5ADD1CBA291700273B75 /* MainInterface.storyboard */ = {
			isa = PBXVariantGroup;
			children = (
				594C5ADE1CBA291700273B75 /* Base */,
			);
			name = MainInterface.storyboard;
			sourceTree = "<group>";
		};
/* End PBXVariantGroup section */

/* Begin XCBuildConfiguration section */
		593B82561CB222570073DC17 /* Debug */ = {
			isa = XCBuildConfiguration;
			buildSettings = {
				ALWAYS_SEARCH_USER_PATHS = NO;
				CLANG_ANALYZER_NONNULL = YES;
				CLANG_CXX_LANGUAGE_STANDARD = "gnu++0x";
				CLANG_CXX_LIBRARY = "libc++";
				CLANG_ENABLE_MODULES = YES;
				CLANG_ENABLE_OBJC_ARC = YES;
				CLANG_WARN_BOOL_CONVERSION = YES;
				CLANG_WARN_CONSTANT_CONVERSION = YES;
				CLANG_WARN_DIRECT_OBJC_ISA_USAGE = YES_ERROR;
				CLANG_WARN_EMPTY_BODY = YES;
				CLANG_WARN_ENUM_CONVERSION = YES;
				CLANG_WARN_INT_CONVERSION = YES;
				CLANG_WARN_OBJC_ROOT_CLASS = YES_ERROR;
				CLANG_WARN_UNREACHABLE_CODE = YES;
				CLANG_WARN__DUPLICATE_METHOD_MATCH = YES;
				"CODE_SIGN_IDENTITY[sdk=iphoneos*]" = "iPhone Developer";
				COPY_PHASE_STRIP = NO;
				DEBUG_INFORMATION_FORMAT = dwarf;
				ENABLE_STRICT_OBJC_MSGSEND = YES;
				ENABLE_TESTABILITY = YES;
				GCC_C_LANGUAGE_STANDARD = gnu99;
				GCC_DYNAMIC_NO_PIC = NO;
				GCC_NO_COMMON_BLOCKS = YES;
				GCC_OPTIMIZATION_LEVEL = 0;
				GCC_PREPROCESSOR_DEFINITIONS = (
					"DEBUG=1",
					"$(inherited)",
				);
				GCC_WARN_64_TO_32_BIT_CONVERSION = YES;
				GCC_WARN_ABOUT_RETURN_TYPE = YES_ERROR;
				GCC_WARN_UNDECLARED_SELECTOR = YES;
				GCC_WARN_UNINITIALIZED_AUTOS = YES_AGGRESSIVE;
				GCC_WARN_UNUSED_FUNCTION = YES;
				GCC_WARN_UNUSED_VARIABLE = YES;
				IPHONEOS_DEPLOYMENT_TARGET = 9.3;
				MTL_ENABLE_DEBUG_INFO = YES;
				ONLY_ACTIVE_ARCH = YES;
				SDKROOT = iphoneos;
				SWIFT_OPTIMIZATION_LEVEL = "-Onone";
				TARGETED_DEVICE_FAMILY = "1,2";
			};
			name = Debug;
		};
		593B82571CB222570073DC17 /* Release */ = {
			isa = XCBuildConfiguration;
			buildSettings = {
				ALWAYS_SEARCH_USER_PATHS = NO;
				CLANG_ANALYZER_NONNULL = YES;
				CLANG_CXX_LANGUAGE_STANDARD = "gnu++0x";
				CLANG_CXX_LIBRARY = "libc++";
				CLANG_ENABLE_MODULES = YES;
				CLANG_ENABLE_OBJC_ARC = YES;
				CLANG_WARN_BOOL_CONVERSION = YES;
				CLANG_WARN_CONSTANT_CONVERSION = YES;
				CLANG_WARN_DIRECT_OBJC_ISA_USAGE = YES_ERROR;
				CLANG_WARN_EMPTY_BODY = YES;
				CLANG_WARN_ENUM_CONVERSION = YES;
				CLANG_WARN_INT_CONVERSION = YES;
				CLANG_WARN_OBJC_ROOT_CLASS = YES_ERROR;
				CLANG_WARN_UNREACHABLE_CODE = YES;
				CLANG_WARN__DUPLICATE_METHOD_MATCH = YES;
				"CODE_SIGN_IDENTITY[sdk=iphoneos*]" = "iPhone Developer";
				COPY_PHASE_STRIP = NO;
				DEBUG_INFORMATION_FORMAT = "dwarf-with-dsym";
				ENABLE_NS_ASSERTIONS = NO;
				ENABLE_STRICT_OBJC_MSGSEND = YES;
				GCC_C_LANGUAGE_STANDARD = gnu99;
				GCC_NO_COMMON_BLOCKS = YES;
				GCC_WARN_64_TO_32_BIT_CONVERSION = YES;
				GCC_WARN_ABOUT_RETURN_TYPE = YES_ERROR;
				GCC_WARN_UNDECLARED_SELECTOR = YES;
				GCC_WARN_UNINITIALIZED_AUTOS = YES_AGGRESSIVE;
				GCC_WARN_UNUSED_FUNCTION = YES;
				GCC_WARN_UNUSED_VARIABLE = YES;
				IPHONEOS_DEPLOYMENT_TARGET = 9.3;
				MTL_ENABLE_DEBUG_INFO = NO;
				SDKROOT = iphoneos;
				TARGETED_DEVICE_FAMILY = "1,2";
				VALIDATE_PRODUCT = YES;
			};
			name = Release;
		};
		593B82591CB222570073DC17 /* Debug */ = {
			isa = XCBuildConfiguration;
			baseConfigurationReference = B2012CFA4C567A3C4E9C3225 /* Pods-Meme Maker.debug.xcconfig */;
			buildSettings = {
				ASSETCATALOG_COMPILER_APPICON_NAME = AppIcon;
				CODE_SIGN_IDENTITY = "iPhone Developer";
				"CODE_SIGN_IDENTITY[sdk=iphoneos*]" = "iPhone Developer";
				EMBEDDED_CONTENT_CONTAINS_SWIFT = YES;
				INFOPLIST_FILE = "Meme Maker/Info.plist";
				IPHONEOS_DEPLOYMENT_TARGET = 9.0;
				LD_RUNPATH_SEARCH_PATHS = "$(inherited) @executable_path/Frameworks";
				PRODUCT_BUNDLE_IDENTIFIER = "com.avikantz.Meme-Maker";
				PRODUCT_NAME = "$(TARGET_NAME)";
				PROVISIONING_PROFILE = "";
			};
			name = Debug;
		};
		593B825A1CB222570073DC17 /* Release */ = {
			isa = XCBuildConfiguration;
			baseConfigurationReference = E731F34C267B577755D7DDA1 /* Pods-Meme Maker.release.xcconfig */;
			buildSettings = {
				ASSETCATALOG_COMPILER_APPICON_NAME = AppIcon;
				CODE_SIGN_IDENTITY = "iPhone Developer";
				"CODE_SIGN_IDENTITY[sdk=iphoneos*]" = "iPhone Developer";
				EMBEDDED_CONTENT_CONTAINS_SWIFT = YES;
				INFOPLIST_FILE = "Meme Maker/Info.plist";
				IPHONEOS_DEPLOYMENT_TARGET = 9.0;
				LD_RUNPATH_SEARCH_PATHS = "$(inherited) @executable_path/Frameworks";
				PRODUCT_BUNDLE_IDENTIFIER = "com.avikantz.Meme-Maker";
				PRODUCT_NAME = "$(TARGET_NAME)";
				PROVISIONING_PROFILE = "";
			};
			name = Release;
		};
		593B825C1CB222570073DC17 /* Debug */ = {
			isa = XCBuildConfiguration;
			buildSettings = {
				BUNDLE_LOADER = "$(TEST_HOST)";
				INFOPLIST_FILE = "Meme MakerTests/Info.plist";
				LD_RUNPATH_SEARCH_PATHS = "$(inherited) @executable_path/Frameworks @loader_path/Frameworks";
				PRODUCT_BUNDLE_IDENTIFIER = "com.avikantz.Meme-MakerTests";
				PRODUCT_NAME = "$(TARGET_NAME)";
				TEST_HOST = "$(BUILT_PRODUCTS_DIR)/Meme Maker.app/Meme Maker";
			};
			name = Debug;
		};
		593B825D1CB222570073DC17 /* Release */ = {
			isa = XCBuildConfiguration;
			buildSettings = {
				BUNDLE_LOADER = "$(TEST_HOST)";
				INFOPLIST_FILE = "Meme MakerTests/Info.plist";
				LD_RUNPATH_SEARCH_PATHS = "$(inherited) @executable_path/Frameworks @loader_path/Frameworks";
				PRODUCT_BUNDLE_IDENTIFIER = "com.avikantz.Meme-MakerTests";
				PRODUCT_NAME = "$(TARGET_NAME)";
				TEST_HOST = "$(BUILT_PRODUCTS_DIR)/Meme Maker.app/Meme Maker";
			};
			name = Release;
		};
		593B825F1CB222570073DC17 /* Debug */ = {
			isa = XCBuildConfiguration;
			buildSettings = {
				INFOPLIST_FILE = "Meme MakerUITests/Info.plist";
				LD_RUNPATH_SEARCH_PATHS = "$(inherited) @executable_path/Frameworks @loader_path/Frameworks";
				PRODUCT_BUNDLE_IDENTIFIER = "com.avikantz.Meme-MakerUITests";
				PRODUCT_NAME = "$(TARGET_NAME)";
				TEST_TARGET_NAME = "Meme Maker";
			};
			name = Debug;
		};
		593B82601CB222570073DC17 /* Release */ = {
			isa = XCBuildConfiguration;
			buildSettings = {
				INFOPLIST_FILE = "Meme MakerUITests/Info.plist";
				LD_RUNPATH_SEARCH_PATHS = "$(inherited) @executable_path/Frameworks @loader_path/Frameworks";
				PRODUCT_BUNDLE_IDENTIFIER = "com.avikantz.Meme-MakerUITests";
				PRODUCT_NAME = "$(TARGET_NAME)";
				TEST_TARGET_NAME = "Meme Maker";
			};
			name = Release;
		};
		594C5AE41CBA291700273B75 /* Debug */ = {
			isa = XCBuildConfiguration;
			baseConfigurationReference = 1A1E74CE2FF0EB2F06D26630 /* Pods-Photo Meme.debug.xcconfig */;
			buildSettings = {
				CODE_SIGN_IDENTITY = "iPhone Developer";
				"CODE_SIGN_IDENTITY[sdk=iphoneos*]" = "iPhone Developer";
				"GCC_PREPROCESSOR_DEFINITIONS[arch=*]" = TARGET_IS_EXTENSION;
				INFOPLIST_FILE = "Photo Meme/Info.plist";
				IPHONEOS_DEPLOYMENT_TARGET = 9.0;
				LD_RUNPATH_SEARCH_PATHS = "$(inherited) @executable_path/Frameworks @executable_path/../../Frameworks";
				OTHER_SWIFT_FLAGS = "$(inherited) \"-D\" \"COCOAPODS\"";
				PRODUCT_BUNDLE_IDENTIFIER = "com.avikantz.Meme-Maker.Photo-Meme";
				PRODUCT_NAME = "$(TARGET_NAME)";
				SKIP_INSTALL = YES;
			};
			name = Debug;
		};
		594C5AE51CBA291700273B75 /* Release */ = {
			isa = XCBuildConfiguration;
			baseConfigurationReference = C74F5119C288D20FD689A043 /* Pods-Photo Meme.release.xcconfig */;
			buildSettings = {
				CODE_SIGN_IDENTITY = "iPhone Developer";
				"CODE_SIGN_IDENTITY[sdk=iphoneos*]" = "iPhone Developer";
				"GCC_PREPROCESSOR_DEFINITIONS[arch=*]" = TARGET_IS_EXTENSION;
				INFOPLIST_FILE = "Photo Meme/Info.plist";
				IPHONEOS_DEPLOYMENT_TARGET = 9.0;
				LD_RUNPATH_SEARCH_PATHS = "$(inherited) @executable_path/Frameworks @executable_path/../../Frameworks";
				OTHER_SWIFT_FLAGS = "$(inherited) \"-D\" \"COCOAPODS\"";
				PRODUCT_BUNDLE_IDENTIFIER = "com.avikantz.Meme-Maker.Photo-Meme";
				PRODUCT_NAME = "$(TARGET_NAME)";
				SKIP_INSTALL = YES;
			};
			name = Release;
		};
/* End XCBuildConfiguration section */

/* Begin XCConfigurationList section */
		593B82281CB222560073DC17 /* Build configuration list for PBXProject "Meme Maker" */ = {
			isa = XCConfigurationList;
			buildConfigurations = (
				593B82561CB222570073DC17 /* Debug */,
				593B82571CB222570073DC17 /* Release */,
			);
			defaultConfigurationIsVisible = 0;
			defaultConfigurationName = Release;
		};
		593B82581CB222570073DC17 /* Build configuration list for PBXNativeTarget "Meme Maker" */ = {
			isa = XCConfigurationList;
			buildConfigurations = (
				593B82591CB222570073DC17 /* Debug */,
				593B825A1CB222570073DC17 /* Release */,
			);
			defaultConfigurationIsVisible = 0;
			defaultConfigurationName = Release;
		};
		593B825B1CB222570073DC17 /* Build configuration list for PBXNativeTarget "Meme MakerTests" */ = {
			isa = XCConfigurationList;
			buildConfigurations = (
				593B825C1CB222570073DC17 /* Debug */,
				593B825D1CB222570073DC17 /* Release */,
			);
			defaultConfigurationIsVisible = 0;
			defaultConfigurationName = Release;
		};
		593B825E1CB222570073DC17 /* Build configuration list for PBXNativeTarget "Meme MakerUITests" */ = {
			isa = XCConfigurationList;
			buildConfigurations = (
				593B825F1CB222570073DC17 /* Debug */,
				593B82601CB222570073DC17 /* Release */,
			);
			defaultConfigurationIsVisible = 0;
			defaultConfigurationName = Release;
		};
		594C5AE61CBA291700273B75 /* Build configuration list for PBXNativeTarget "Photo Meme" */ = {
			isa = XCConfigurationList;
			buildConfigurations = (
				594C5AE41CBA291700273B75 /* Debug */,
				594C5AE51CBA291700273B75 /* Release */,
			);
			defaultConfigurationIsVisible = 0;
			defaultConfigurationName = Release;
		};
/* End XCConfigurationList section */

/* Begin XCVersionGroup section */
		593B82371CB222560073DC17 /* Meme_Maker.xcdatamodeld */ = {
			isa = XCVersionGroup;
			children = (
				593B82381CB222560073DC17 /* Meme_Maker.xcdatamodel */,
			);
			currentVersion = 593B82381CB222560073DC17 /* Meme_Maker.xcdatamodel */;
			path = Meme_Maker.xcdatamodeld;
			sourceTree = "<group>";
			versionGroupType = wrapper.xcdatamodel;
		};
/* End XCVersionGroup section */
	};
	rootObject = 593B82251CB222560073DC17 /* Project object */;
}
